// !$*UTF8*$!
{
	archiveVersion = 1;
	classes = {
	};
	objectVersion = 46;
	objects = {

/* Begin PBXBuildFile section */
		1AC6FB21180E996B004C840B /* libcocos2d Mac.a in Frameworks */ = {isa = PBXBuildFile; fileRef = 1AC6FAF9180E9839004C840B /* libcocos2d Mac.a */; };
		1AC6FB30180E99EB004C840B /* libcocos2d iOS.a in Frameworks */ = {isa = PBXBuildFile; fileRef = 1AC6FB07180E9839004C840B /* libcocos2d iOS.a */; };
		1D60589F0D05DD5A006BFB54 /* Foundation.framework in Frameworks */ = {isa = PBXBuildFile; fileRef = 1D30AB110D05D00D00671497 /* Foundation.framework */; };
		1DF5F4E00D08C38300B7A737 /* UIKit.framework in Frameworks */ = {isa = PBXBuildFile; fileRef = 1DF5F4DF0D08C38300B7A737 /* UIKit.framework */; };
		288765A50DF7441C002DB57D /* CoreGraphics.framework in Frameworks */ = {isa = PBXBuildFile; fileRef = 288765A40DF7441C002DB57D /* CoreGraphics.framework */; };
		294D0D641D0D56D500F7F5D4 /* CoreText.framework in Frameworks */ = {isa = PBXBuildFile; fileRef = 294D0D631D0D56D500F7F5D4 /* CoreText.framework */; };
		3EACC98F19EE6D4300EB3C5E /* res in Resources */ = {isa = PBXBuildFile; fileRef = 3EACC98E19EE6D4300EB3C5E /* res */; };
		3EACC99019EE6D4300EB3C5E /* res in Resources */ = {isa = PBXBuildFile; fileRef = 3EACC98E19EE6D4300EB3C5E /* res */; };
		46880B7B19C43A67006E1F66 /* CloseNormal.png in Resources */ = {isa = PBXBuildFile; fileRef = 46880B7619C43A67006E1F66 /* CloseNormal.png */; };
		46880B7C19C43A67006E1F66 /* CloseNormal.png in Resources */ = {isa = PBXBuildFile; fileRef = 46880B7619C43A67006E1F66 /* CloseNormal.png */; };
		46880B7D19C43A67006E1F66 /* CloseSelected.png in Resources */ = {isa = PBXBuildFile; fileRef = 46880B7719C43A67006E1F66 /* CloseSelected.png */; };
		46880B7E19C43A67006E1F66 /* CloseSelected.png in Resources */ = {isa = PBXBuildFile; fileRef = 46880B7719C43A67006E1F66 /* CloseSelected.png */; };
		46880B8119C43A67006E1F66 /* HelloWorld.png in Resources */ = {isa = PBXBuildFile; fileRef = 46880B7A19C43A67006E1F66 /* HelloWorld.png */; };
		46880B8219C43A67006E1F66 /* HelloWorld.png in Resources */ = {isa = PBXBuildFile; fileRef = 46880B7A19C43A67006E1F66 /* HelloWorld.png */; };
		46880B8819C43A87006E1F66 /* AppDelegate.cpp in Sources */ = {isa = PBXBuildFile; fileRef = 46880B8419C43A87006E1F66 /* AppDelegate.cpp */; };
		46880B8919C43A87006E1F66 /* AppDelegate.cpp in Sources */ = {isa = PBXBuildFile; fileRef = 46880B8419C43A87006E1F66 /* AppDelegate.cpp */; };
		503AE0F817EB97AB00D1A890 /* Icon.icns in Resources */ = {isa = PBXBuildFile; fileRef = 503AE0F617EB97AB00D1A890 /* Icon.icns */; };
		503AE10017EB989F00D1A890 /* AppController.mm in Sources */ = {isa = PBXBuildFile; fileRef = 503AE0FB17EB989F00D1A890 /* AppController.mm */; };
		503AE10117EB989F00D1A890 /* main.m in Sources */ = {isa = PBXBuildFile; fileRef = 503AE0FC17EB989F00D1A890 /* main.m */; };
		503AE10217EB989F00D1A890 /* RootViewController.mm in Sources */ = {isa = PBXBuildFile; fileRef = 503AE0FF17EB989F00D1A890 /* RootViewController.mm */; };
		503AE10517EB98FF00D1A890 /* main.cpp in Sources */ = {isa = PBXBuildFile; fileRef = 503AE10317EB98FF00D1A890 /* main.cpp */; };
		503AE11B17EB9C5A00D1A890 /* IOKit.framework in Frameworks */ = {isa = PBXBuildFile; fileRef = 503AE11A17EB9C5A00D1A890 /* IOKit.framework */; };
		5087E76317EB910900C73F5D /* Foundation.framework in Frameworks */ = {isa = PBXBuildFile; fileRef = 1D30AB110D05D00D00671497 /* Foundation.framework */; };
		5087E76717EB910900C73F5D /* libz.dylib in Frameworks */ = {isa = PBXBuildFile; fileRef = BF170DB412928DE900B8313A /* libz.dylib */; };
		5087E76817EB910900C73F5D /* QuartzCore.framework in Frameworks */ = {isa = PBXBuildFile; fileRef = BF1C47EA1293683800B63C5D /* QuartzCore.framework */; };
		5087E76917EB910900C73F5D /* OpenAL.framework in Frameworks */ = {isa = PBXBuildFile; fileRef = D44C620B132DFF330009C878 /* OpenAL.framework */; };
		5087E76A17EB910900C73F5D /* AVFoundation.framework in Frameworks */ = {isa = PBXBuildFile; fileRef = D44C620D132DFF430009C878 /* AVFoundation.framework */; };
		5087E76B17EB910900C73F5D /* AudioToolbox.framework in Frameworks */ = {isa = PBXBuildFile; fileRef = D44C620F132DFF4E0009C878 /* AudioToolbox.framework */; };
		5087E77D17EB970100C73F5D /* Default-568h@2x.png in Resources */ = {isa = PBXBuildFile; fileRef = 5087E77217EB970100C73F5D /* Default-568h@2x.png */; };
		5087E77E17EB970100C73F5D /* Default.png in Resources */ = {isa = PBXBuildFile; fileRef = 5087E77317EB970100C73F5D /* Default.png */; };
		5087E77F17EB970100C73F5D /* Default@2x.png in Resources */ = {isa = PBXBuildFile; fileRef = 5087E77417EB970100C73F5D /* Default@2x.png */; };
		5087E78017EB970100C73F5D /* Icon-114.png in Resources */ = {isa = PBXBuildFile; fileRef = 5087E77517EB970100C73F5D /* Icon-114.png */; };
		5087E78117EB970100C73F5D /* Icon-120.png in Resources */ = {isa = PBXBuildFile; fileRef = 5087E77617EB970100C73F5D /* Icon-120.png */; };
		5087E78217EB970100C73F5D /* Icon-144.png in Resources */ = {isa = PBXBuildFile; fileRef = 5087E77717EB970100C73F5D /* Icon-144.png */; };
		5087E78317EB970100C73F5D /* Icon-152.png in Resources */ = {isa = PBXBuildFile; fileRef = 5087E77817EB970100C73F5D /* Icon-152.png */; };
		5087E78417EB970100C73F5D /* Icon-57.png in Resources */ = {isa = PBXBuildFile; fileRef = 5087E77917EB970100C73F5D /* Icon-57.png */; };
		5087E78517EB970100C73F5D /* Icon-72.png in Resources */ = {isa = PBXBuildFile; fileRef = 5087E77A17EB970100C73F5D /* Icon-72.png */; };
		5087E78617EB970100C73F5D /* Icon-76.png in Resources */ = {isa = PBXBuildFile; fileRef = 5087E77B17EB970100C73F5D /* Icon-76.png */; };
		5087E78917EB974C00C73F5D /* AppKit.framework in Frameworks */ = {isa = PBXBuildFile; fileRef = 5087E78817EB974C00C73F5D /* AppKit.framework */; };
		5087E78B17EB975400C73F5D /* OpenGL.framework in Frameworks */ = {isa = PBXBuildFile; fileRef = 5087E78A17EB975400C73F5D /* OpenGL.framework */; };
		50EF629617ECD46A001EB2F8 /* Icon-40.png in Resources */ = {isa = PBXBuildFile; fileRef = 50EF629217ECD46A001EB2F8 /* Icon-40.png */; };
		50EF629717ECD46A001EB2F8 /* Icon-58.png in Resources */ = {isa = PBXBuildFile; fileRef = 50EF629317ECD46A001EB2F8 /* Icon-58.png */; };
		50EF629817ECD46A001EB2F8 /* Icon-80.png in Resources */ = {isa = PBXBuildFile; fileRef = 50EF629417ECD46A001EB2F8 /* Icon-80.png */; };
		50EF629917ECD46A001EB2F8 /* Icon-100.png in Resources */ = {isa = PBXBuildFile; fileRef = 50EF629517ECD46A001EB2F8 /* Icon-100.png */; };
		50EF62A217ECD613001EB2F8 /* Icon-29.png in Resources */ = {isa = PBXBuildFile; fileRef = 50EF62A017ECD613001EB2F8 /* Icon-29.png */; };
		50EF62A317ECD613001EB2F8 /* Icon-50.png in Resources */ = {isa = PBXBuildFile; fileRef = 50EF62A117ECD613001EB2F8 /* Icon-50.png */; };
		521A8E6419F0C34300D177D7 /* Default-667h@2x.png in Resources */ = {isa = PBXBuildFile; fileRef = 521A8E6219F0C34300D177D7 /* Default-667h@2x.png */; };
		521A8E6519F0C34300D177D7 /* Default-736h@3x.png in Resources */ = {isa = PBXBuildFile; fileRef = 521A8E6319F0C34300D177D7 /* Default-736h@3x.png */; };
		521A8EA919F11F5000D177D7 /* fonts in Resources */ = {isa = PBXBuildFile; fileRef = 521A8EA819F11F5000D177D7 /* fonts */; };
		521A8EAA19F11F5000D177D7 /* fonts in Resources */ = {isa = PBXBuildFile; fileRef = 521A8EA819F11F5000D177D7 /* fonts */; };
		52B47A471A53D09C004E4C60 /* Security.framework in Frameworks */ = {isa = PBXBuildFile; fileRef = 52B47A461A53D09B004E4C60 /* Security.framework */; };
		7C21A0D91DC9A11E0035ECC6 /* StartingScene.cpp in Sources */ = {isa = PBXBuildFile; fileRef = 7C21A0D71DC9A11E0035ECC6 /* StartingScene.cpp */; };
		7C21A0DC1DC9C06C0035ECC6 /* sliderProgress.png in Resources */ = {isa = PBXBuildFile; fileRef = 7C21A0DB1DC9C06C0035ECC6 /* sliderProgress.png */; };
		7C21A0E11DC9E9A80035ECC6 /* SplashScene.cpp in Sources */ = {isa = PBXBuildFile; fileRef = 7C21A0DF1DC9E9A80035ECC6 /* SplashScene.cpp */; };
		7C21A0E41DC9ED930035ECC6 /* LevelSelectScene.cpp in Sources */ = {isa = PBXBuildFile; fileRef = 7C21A0E21DC9ED930035ECC6 /* LevelSelectScene.cpp */; };
		7C21A0E81DCB2F450035ECC6 /* GameSettingsScene.cpp in Sources */ = {isa = PBXBuildFile; fileRef = 7C21A0E61DCB2F450035ECC6 /* GameSettingsScene.cpp */; };
		7C21A0EC1DCB39050035ECC6 /* GameScene.cpp in Sources */ = {isa = PBXBuildFile; fileRef = 7C21A0EA1DCB39050035ECC6 /* GameScene.cpp */; };
		7C21A0F01DCB39FE0035ECC6 /* DiceGame.cpp in Sources */ = {isa = PBXBuildFile; fileRef = 7C21A0EE1DCB39FE0035ECC6 /* DiceGame.cpp */; };
		7C21A0F71DCB3A3C0035ECC6 /* PopUpBaseDialog.cpp in Sources */ = {isa = PBXBuildFile; fileRef = 7C21A0F11DCB3A3C0035ECC6 /* PopUpBaseDialog.cpp */; };
		7C21A0F81DCB3A3C0035ECC6 /* PopUpOkCancelDialog.cpp in Sources */ = {isa = PBXBuildFile; fileRef = 7C21A0F31DCB3A3C0035ECC6 /* PopUpOkCancelDialog.cpp */; };
		7C21A0F91DCB3A3C0035ECC6 /* PopUpOkDialog.cpp in Sources */ = {isa = PBXBuildFile; fileRef = 7C21A0F51DCB3A3C0035ECC6 /* PopUpOkDialog.cpp */; };
		7C21A1011DCB3B0F0035ECC6 /* MapBasicInfo.cpp in Sources */ = {isa = PBXBuildFile; fileRef = 7C21A0FB1DCB3B0F0035ECC6 /* MapBasicInfo.cpp */; };
		7C21A1021DCB3B0F0035ECC6 /* RandomMap.cpp in Sources */ = {isa = PBXBuildFile; fileRef = 7C21A0FD1DCB3B0F0035ECC6 /* RandomMap.cpp */; };
		7C21A1031DCB3B0F0035ECC6 /* ScreenCoordinate.cpp in Sources */ = {isa = PBXBuildFile; fileRef = 7C21A0FF1DCB3B0F0035ECC6 /* ScreenCoordinate.cpp */; };
		7C21A10D1DCB4F010035ECC6 /* AreaData.cpp in Sources */ = {isa = PBXBuildFile; fileRef = 7C21A1041DCB4F010035ECC6 /* AreaData.cpp */; };
		7C21A10F1DCB4F010035ECC6 /* GamePlayer.cpp in Sources */ = {isa = PBXBuildFile; fileRef = 7C21A1091DCB4F010035ECC6 /* GamePlayer.cpp */; };
		7C21A1101DCB4F010035ECC6 /* JoinData.cpp in Sources */ = {isa = PBXBuildFile; fileRef = 7C21A10B1DCB4F010035ECC6 /* JoinData.cpp */; };
		7C4BA1C81DDE9E8F004F9770 /* search_oppent.png in Resources */ = {isa = PBXBuildFile; fileRef = 7C4BA1C71DDE9E8F004F9770 /* search_oppent.png */; };
		7C4BA1CB1DDEA0D2004F9770 /* search_oppent_sel.png in Resources */ = {isa = PBXBuildFile; fileRef = 7C4BA1CA1DDEA0D2004F9770 /* search_oppent_sel.png */; };
		7C4BA1CE1DDEEEF9004F9770 /* ModalDialog.cpp in Sources */ = {isa = PBXBuildFile; fileRef = 7C4BA1CC1DDEEEF9004F9770 /* ModalDialog.cpp */; };
		7C4BA1D01DDEF682004F9770 /* waiting_ring.png in Resources */ = {isa = PBXBuildFile; fileRef = 7C4BA1CF1DDEF682004F9770 /* waiting_ring.png */; };
		7C4BA1D41DDF0A90004F9770 /* UserSessionBean.cpp in Sources */ = {isa = PBXBuildFile; fileRef = 7C4BA1D21DDF0A90004F9770 /* UserSessionBean.cpp */; };
		7C4DA6A51DE2E973001CC255 /* BattleFieldBean.cpp in Sources */ = {isa = PBXBuildFile; fileRef = 7C4DA6A31DE2E973001CC255 /* BattleFieldBean.cpp */; };
		7C4DA6A81DE43C1B001CC255 /* green_edit.png in Resources */ = {isa = PBXBuildFile; fileRef = 7C4DA6A71DE43C1B001CC255 /* green_edit.png */; };
		7C4DA6AA1DE44548001CC255 /* battle_field.png in Resources */ = {isa = PBXBuildFile; fileRef = 7C4DA6A91DE44548001CC255 /* battle_field.png */; };
		7C4DA6AF1DE6A7EB001CC255 /* deault_avatar.png in Resources */ = {isa = PBXBuildFile; fileRef = 7C4DA6AE1DE6A7EB001CC255 /* deault_avatar.png */; };
		7C4DA6B21DE82466001CC255 /* SpriteEx.cpp in Sources */ = {isa = PBXBuildFile; fileRef = 7C4DA6B01DE82466001CC255 /* SpriteEx.cpp */; };
		7C67A7B51DD1BE6B004B5151 /* WebSocktUtil.cpp in Sources */ = {isa = PBXBuildFile; fileRef = 7C67A7B31DD1BE6B004B5151 /* WebSocktUtil.cpp */; };
		7C6E7FFD1DD94F5300C5E374 /* ReplayLastScene.cpp in Sources */ = {isa = PBXBuildFile; fileRef = 7C6E7FFB1DD94F5300C5E374 /* ReplayLastScene.cpp */; };
		7C6E80001DD9575A00C5E374 /* history.png in Resources */ = {isa = PBXBuildFile; fileRef = 7C6E7FFF1DD9575A00C5E374 /* history.png */; };
		7C6E80041DD9687D00C5E374 /* history_data_sel.png in Resources */ = {isa = PBXBuildFile; fileRef = 7C6E80011DD9687D00C5E374 /* history_data_sel.png */; };
		7C6E80051DD9687D00C5E374 /* history_data.png in Resources */ = {isa = PBXBuildFile; fileRef = 7C6E80021DD9687D00C5E374 /* history_data.png */; };
		7C6E80061DD9687D00C5E374 /* history_sel.png in Resources */ = {isa = PBXBuildFile; fileRef = 7C6E80031DD9687D00C5E374 /* history_sel.png */; };
		7C733B1C1DC990E200098EDD /* iphone5 in Resources */ = {isa = PBXBuildFile; fileRef = 7C733B181DC990E200098EDD /* iphone5 */; };
		7C733B1D1DC990E200098EDD /* iphone6 in Resources */ = {isa = PBXBuildFile; fileRef = 7C733B191DC990E200098EDD /* iphone6 */; };
		7C733B1E1DC990E200098EDD /* iphone6p in Resources */ = {isa = PBXBuildFile; fileRef = 7C733B1A1DC990E200098EDD /* iphone6p */; };
		7C82E4201DD572A70019C8CF /* FindPlayerScene.cpp in Sources */ = {isa = PBXBuildFile; fileRef = 7C82E41E1DD572A70019C8CF /* FindPlayerScene.cpp */; };
		7C82E4261DD5768A0019C8CF /* BattleFieldScene.cpp in Sources */ = {isa = PBXBuildFile; fileRef = 7C82E4241DD5768A0019C8CF /* BattleFieldScene.cpp */; };
		7C82E4281DD57EDD0019C8CF /* online_battle.png in Resources */ = {isa = PBXBuildFile; fileRef = 7C82E4271DD57EDD0019C8CF /* online_battle.png */; };
		7C82E42A1DD581610019C8CF /* online_battle_sel.png in Resources */ = {isa = PBXBuildFile; fileRef = 7C82E4291DD581610019C8CF /* online_battle_sel.png */; };
		7C99A1451DE2033E005A489B /* OnlineGameData.cpp in Sources */ = {isa = PBXBuildFile; fileRef = 7C99A1431DE2033E005A489B /* OnlineGameData.cpp */; };
		7C99A1481DE20350005A489B /* OnlineGameEngine.cpp in Sources */ = {isa = PBXBuildFile; fileRef = 7C99A1461DE20350005A489B /* OnlineGameEngine.cpp */; };
		7CCB51DA1DD5AAC000810354 /* JsonUtil.cpp in Sources */ = {isa = PBXBuildFile; fileRef = 7CCB51D81DD5AAC000810354 /* JsonUtil.cpp */; };
		8262943E1AAF051F00CB7CF7 /* Security.framework in Frameworks */ = {isa = PBXBuildFile; fileRef = 8262943D1AAF051F00CB7CF7 /* Security.framework */; };
		BB34FAAA1DD35B7A0070B4E4 /* sounds in Resources */ = {isa = PBXBuildFile; fileRef = BB34FAA91DD35B7A0070B4E4 /* sounds */; };
		BB51F1091DCF66D50031296E /* share_sel.png in Resources */ = {isa = PBXBuildFile; fileRef = BB51F1071DCF66D50031296E /* share_sel.png */; };
		BB51F10A1DCF66D50031296E /* share.png in Resources */ = {isa = PBXBuildFile; fileRef = BB51F1081DCF66D50031296E /* share.png */; };
		BB62DFD31DCD9E7A0037DE0A /* anim in Resources */ = {isa = PBXBuildFile; fileRef = BB62DFD11DCD9E7A0037DE0A /* anim */; };
		BB62DFD41DCD9E7A0037DE0A /* particles in Resources */ = {isa = PBXBuildFile; fileRef = BB62DFD21DCD9E7A0037DE0A /* particles */; };
		BB9A4E241DCB7C6400E88C41 /* GameData.cpp in Sources */ = {isa = PBXBuildFile; fileRef = BB9A4E221DCB7C6400E88C41 /* GameData.cpp */; };
		BB9A4E271DCB84A200E88C41 /* MapCreator.cpp in Sources */ = {isa = PBXBuildFile; fileRef = BB9A4E251DCB84A200E88C41 /* MapCreator.cpp */; };
		BBBA8DD81DCCE3C6006A6471 /* NextButton.png in Resources */ = {isa = PBXBuildFile; fileRef = BBBA8DD31DCCE3C6006A6471 /* NextButton.png */; };
		BBBA8DD91DCCE3C6006A6471 /* start.png in Resources */ = {isa = PBXBuildFile; fileRef = BBBA8DD41DCCE3C6006A6471 /* start.png */; };
		BBC12E4E1DCDFBA70035A571 /* StoreKit.framework in Frameworks */ = {isa = PBXBuildFile; fileRef = BBC12E4D1DCDFBA70035A571 /* StoreKit.framework */; };
		BBC12E501DCDFC470035A571 /* sdkbox_config.json in Resources */ = {isa = PBXBuildFile; fileRef = BBC12E4F1DCDFC470035A571 /* sdkbox_config.json */; };
		BBC12E561DCE26310035A571 /* PluginIAP.framework in Frameworks */ = {isa = PBXBuildFile; fileRef = BBC12E541DCE26310035A571 /* PluginIAP.framework */; };
		BBC12E571DCE26310035A571 /* sdkbox.framework in Frameworks */ = {isa = PBXBuildFile; fileRef = BBC12E551DCE26310035A571 /* sdkbox.framework */; };
		BBC12E591DCE26830035A571 /* AdSupport.framework in Frameworks */ = {isa = PBXBuildFile; fileRef = BBC12E581DCE26830035A571 /* AdSupport.framework */; };
		BBC12E5B1DCE269C0035A571 /* SystemConfiguration.framework in Frameworks */ = {isa = PBXBuildFile; fileRef = BBC12E5A1DCE269C0035A571 /* SystemConfiguration.framework */; };
		BBC12E5E1DCE2F830035A571 /* GamePayUtil.cpp in Sources */ = {isa = PBXBuildFile; fileRef = BBC12E5C1DCE2F830035A571 /* GamePayUtil.cpp */; };
		BBC812DE1DCA3CB000EC8874 /* GameHelpScene.cpp in Sources */ = {isa = PBXBuildFile; fileRef = BBC812DC1DCA3CB000EC8874 /* GameHelpScene.cpp */; };
		BBD6967F1DCC55CE00B9B145 /* GameAI.cpp in Sources */ = {isa = PBXBuildFile; fileRef = 7C21A1061DCB4F010035ECC6 /* GameAI.cpp */; };
		BBE0F8EC1DCEE25F00FB9EDD /* PluginFacebook.framework in Frameworks */ = {isa = PBXBuildFile; fileRef = BBE0F8EB1DCEE25F00FB9EDD /* PluginFacebook.framework */; };
		BBE0F8F11DCEEC1C00FB9EDD /* FBSDKCoreKit.framework in Frameworks */ = {isa = PBXBuildFile; fileRef = BBE0F8EE1DCEEC1C00FB9EDD /* FBSDKCoreKit.framework */; };
		BBE0F8F21DCEEC1C00FB9EDD /* FBSDKLoginKit.framework in Frameworks */ = {isa = PBXBuildFile; fileRef = BBE0F8EF1DCEEC1C00FB9EDD /* FBSDKLoginKit.framework */; };
		BBE0F8F31DCEEC1C00FB9EDD /* FBSDKShareKit.framework in Frameworks */ = {isa = PBXBuildFile; fileRef = BBE0F8F01DCEEC1C00FB9EDD /* FBSDKShareKit.framework */; };
		BF171245129291EC00B8313A /* OpenGLES.framework in Frameworks */ = {isa = PBXBuildFile; fileRef = BF170DB012928DE900B8313A /* OpenGLES.framework */; };
		BF1712471292920000B8313A /* libz.dylib in Frameworks */ = {isa = PBXBuildFile; fileRef = BF170DB412928DE900B8313A /* libz.dylib */; };
		BF1C47F01293687400B63C5D /* QuartzCore.framework in Frameworks */ = {isa = PBXBuildFile; fileRef = BF1C47EA1293683800B63C5D /* QuartzCore.framework */; };
		D44C620C132DFF330009C878 /* OpenAL.framework in Frameworks */ = {isa = PBXBuildFile; fileRef = D44C620B132DFF330009C878 /* OpenAL.framework */; };
		D44C620E132DFF430009C878 /* AVFoundation.framework in Frameworks */ = {isa = PBXBuildFile; fileRef = D44C620D132DFF430009C878 /* AVFoundation.framework */; };
		D44C6210132DFF4E0009C878 /* AudioToolbox.framework in Frameworks */ = {isa = PBXBuildFile; fileRef = D44C620F132DFF4E0009C878 /* AudioToolbox.framework */; };
		D6B0611B1803AB670077942B /* CoreMotion.framework in Frameworks */ = {isa = PBXBuildFile; fileRef = D6B0611A1803AB670077942B /* CoreMotion.framework */; };
		ED545A7C1B68A1F400C3958E /* libiconv.dylib in Frameworks */ = {isa = PBXBuildFile; fileRef = ED545A7B1B68A1F400C3958E /* libiconv.dylib */; };
		ED545A7E1B68A1FA00C3958E /* libiconv.dylib in Frameworks */ = {isa = PBXBuildFile; fileRef = ED545A7D1B68A1FA00C3958E /* libiconv.dylib */; };
/* End PBXBuildFile section */

/* Begin PBXContainerItemProxy section */
		1AC6FAF8180E9839004C840B /* PBXContainerItemProxy */ = {
			isa = PBXContainerItemProxy;
			containerPortal = 1AC6FAE5180E9839004C840B /* cocos2d_libs.xcodeproj */;
			proxyType = 2;
			remoteGlobalIDString = 1551A33F158F2AB200E66CFE;
			remoteInfo = "cocos2dx Mac";
		};
		1AC6FB06180E9839004C840B /* PBXContainerItemProxy */ = {
			isa = PBXContainerItemProxy;
			containerPortal = 1AC6FAE5180E9839004C840B /* cocos2d_libs.xcodeproj */;
			proxyType = 2;
			remoteGlobalIDString = A07A4D641783777C0073F6A7;
			remoteInfo = "cocos2dx iOS";
		};
		1AC6FB15180E9959004C840B /* PBXContainerItemProxy */ = {
			isa = PBXContainerItemProxy;
			containerPortal = 1AC6FAE5180E9839004C840B /* cocos2d_libs.xcodeproj */;
			proxyType = 1;
			remoteGlobalIDString = 1551A33E158F2AB200E66CFE;
			remoteInfo = "cocos2dx Mac";
		};
		1AC6FB24180E99E1004C840B /* PBXContainerItemProxy */ = {
			isa = PBXContainerItemProxy;
			containerPortal = 1AC6FAE5180E9839004C840B /* cocos2d_libs.xcodeproj */;
			proxyType = 1;
			remoteGlobalIDString = A07A4C241783777C0073F6A7;
			remoteInfo = "cocos2dx iOS";
		};
		7C733B111DC9896A00098EDD /* PBXContainerItemProxy */ = {
			isa = PBXContainerItemProxy;
			containerPortal = 1AC6FAE5180E9839004C840B /* cocos2d_libs.xcodeproj */;
			proxyType = 2;
			remoteGlobalIDString = 507B40FD1C31BDD30067B53E;
			remoteInfo = "libcocos2d tvOS";
		};
/* End PBXContainerItemProxy section */

/* Begin PBXFileReference section */
		1AC6FAE5180E9839004C840B /* cocos2d_libs.xcodeproj */ = {isa = PBXFileReference; lastKnownFileType = "wrapper.pb-project"; name = cocos2d_libs.xcodeproj; path = ../cocos2d/build/cocos2d_libs.xcodeproj; sourceTree = "<group>"; };
		1ACB3243164770DE00914215 /* libcurl.a */ = {isa = PBXFileReference; lastKnownFileType = archive.ar; name = libcurl.a; path = ../../cocos2dx/platform/third_party/ios/libraries/libcurl.a; sourceTree = "<group>"; };
		1D30AB110D05D00D00671497 /* Foundation.framework */ = {isa = PBXFileReference; lastKnownFileType = wrapper.framework; name = Foundation.framework; path = System/Library/Frameworks/Foundation.framework; sourceTree = SDKROOT; };
		1D6058910D05DD3D006BFB54 /* Conqueror.app */ = {isa = PBXFileReference; explicitFileType = wrapper.application; includeInIndex = 0; path = Conqueror.app; sourceTree = BUILT_PRODUCTS_DIR; };
		1DF5F4DF0D08C38300B7A737 /* UIKit.framework */ = {isa = PBXFileReference; lastKnownFileType = wrapper.framework; name = UIKit.framework; path = System/Library/Frameworks/UIKit.framework; sourceTree = SDKROOT; };
		288765A40DF7441C002DB57D /* CoreGraphics.framework */ = {isa = PBXFileReference; lastKnownFileType = wrapper.framework; name = CoreGraphics.framework; path = System/Library/Frameworks/CoreGraphics.framework; sourceTree = SDKROOT; };
		294D0D631D0D56D500F7F5D4 /* CoreText.framework */ = {isa = PBXFileReference; lastKnownFileType = wrapper.framework; name = CoreText.framework; path = Platforms/iPhoneOS.platform/Developer/SDKs/iPhoneOS9.3.sdk/System/Library/Frameworks/CoreText.framework; sourceTree = DEVELOPER_DIR; };
		3EACC98E19EE6D4300EB3C5E /* res */ = {isa = PBXFileReference; lastKnownFileType = folder; path = res; sourceTree = "<group>"; };
		46880B7619C43A67006E1F66 /* CloseNormal.png */ = {isa = PBXFileReference; lastKnownFileType = image.png; path = CloseNormal.png; sourceTree = "<group>"; };
		46880B7719C43A67006E1F66 /* CloseSelected.png */ = {isa = PBXFileReference; lastKnownFileType = image.png; path = CloseSelected.png; sourceTree = "<group>"; };
		46880B7A19C43A67006E1F66 /* HelloWorld.png */ = {isa = PBXFileReference; lastKnownFileType = image.png; path = HelloWorld.png; sourceTree = "<group>"; };
		46880B8419C43A87006E1F66 /* AppDelegate.cpp */ = {isa = PBXFileReference; fileEncoding = 4; lastKnownFileType = sourcecode.cpp.cpp; path = AppDelegate.cpp; sourceTree = "<group>"; };
		46880B8519C43A87006E1F66 /* AppDelegate.hpp */ = {isa = PBXFileReference; fileEncoding = 4; lastKnownFileType = sourcecode.cpp.h; path = AppDelegate.hpp; sourceTree = "<group>"; };
		503AE0F617EB97AB00D1A890 /* Icon.icns */ = {isa = PBXFileReference; lastKnownFileType = image.icns; path = Icon.icns; sourceTree = "<group>"; };
		503AE0F717EB97AB00D1A890 /* Info.plist */ = {isa = PBXFileReference; fileEncoding = 4; lastKnownFileType = text.plist.xml; path = Info.plist; sourceTree = "<group>"; };
		503AE0FA17EB989F00D1A890 /* AppController.h */ = {isa = PBXFileReference; fileEncoding = 4; lastKnownFileType = sourcecode.c.h; name = AppController.h; path = ios/AppController.h; sourceTree = SOURCE_ROOT; };
		503AE0FB17EB989F00D1A890 /* AppController.mm */ = {isa = PBXFileReference; fileEncoding = 4; lastKnownFileType = sourcecode.cpp.objcpp; name = AppController.mm; path = ios/AppController.mm; sourceTree = SOURCE_ROOT; };
		503AE0FC17EB989F00D1A890 /* main.m */ = {isa = PBXFileReference; fileEncoding = 4; lastKnownFileType = sourcecode.c.objc; name = main.m; path = ios/main.m; sourceTree = SOURCE_ROOT; };
		503AE0FD17EB989F00D1A890 /* Prefix.pch */ = {isa = PBXFileReference; fileEncoding = 4; lastKnownFileType = sourcecode.c.h; name = Prefix.pch; path = ios/Prefix.pch; sourceTree = SOURCE_ROOT; };
		503AE0FE17EB989F00D1A890 /* RootViewController.h */ = {isa = PBXFileReference; fileEncoding = 4; lastKnownFileType = sourcecode.c.h; name = RootViewController.h; path = ios/RootViewController.h; sourceTree = SOURCE_ROOT; };
		503AE0FF17EB989F00D1A890 /* RootViewController.mm */ = {isa = PBXFileReference; fileEncoding = 4; lastKnownFileType = sourcecode.cpp.objcpp; name = RootViewController.mm; path = ios/RootViewController.mm; sourceTree = SOURCE_ROOT; };
		503AE10317EB98FF00D1A890 /* main.cpp */ = {isa = PBXFileReference; fileEncoding = 4; lastKnownFileType = sourcecode.cpp.cpp; name = main.cpp; path = mac/main.cpp; sourceTree = "<group>"; };
		503AE10417EB98FF00D1A890 /* Prefix.pch */ = {isa = PBXFileReference; fileEncoding = 4; lastKnownFileType = sourcecode.c.h; name = Prefix.pch; path = mac/Prefix.pch; sourceTree = "<group>"; };
		503AE11117EB99EE00D1A890 /* libcurl.dylib */ = {isa = PBXFileReference; lastKnownFileType = "compiled.mach-o.dylib"; name = libcurl.dylib; path = usr/lib/libcurl.dylib; sourceTree = SDKROOT; };
		503AE11A17EB9C5A00D1A890 /* IOKit.framework */ = {isa = PBXFileReference; lastKnownFileType = wrapper.framework; name = IOKit.framework; path = System/Library/Frameworks/IOKit.framework; sourceTree = SDKROOT; };
		5087E76F17EB910900C73F5D /* Conqueror-desktop.app */ = {isa = PBXFileReference; explicitFileType = wrapper.application; includeInIndex = 0; path = "Conqueror-desktop.app"; sourceTree = BUILT_PRODUCTS_DIR; };
		5087E77217EB970100C73F5D /* Default-568h@2x.png */ = {isa = PBXFileReference; lastKnownFileType = image.png; path = "Default-568h@2x.png"; sourceTree = "<group>"; };
		5087E77317EB970100C73F5D /* Default.png */ = {isa = PBXFileReference; lastKnownFileType = image.png; path = Default.png; sourceTree = "<group>"; };
		5087E77417EB970100C73F5D /* Default@2x.png */ = {isa = PBXFileReference; lastKnownFileType = image.png; path = "Default@2x.png"; sourceTree = "<group>"; };
		5087E77517EB970100C73F5D /* Icon-114.png */ = {isa = PBXFileReference; lastKnownFileType = image.png; path = "Icon-114.png"; sourceTree = "<group>"; };
		5087E77617EB970100C73F5D /* Icon-120.png */ = {isa = PBXFileReference; lastKnownFileType = image.png; path = "Icon-120.png"; sourceTree = "<group>"; };
		5087E77717EB970100C73F5D /* Icon-144.png */ = {isa = PBXFileReference; lastKnownFileType = image.png; path = "Icon-144.png"; sourceTree = "<group>"; };
		5087E77817EB970100C73F5D /* Icon-152.png */ = {isa = PBXFileReference; lastKnownFileType = image.png; path = "Icon-152.png"; sourceTree = "<group>"; };
		5087E77917EB970100C73F5D /* Icon-57.png */ = {isa = PBXFileReference; lastKnownFileType = image.png; path = "Icon-57.png"; sourceTree = "<group>"; };
		5087E77A17EB970100C73F5D /* Icon-72.png */ = {isa = PBXFileReference; lastKnownFileType = image.png; path = "Icon-72.png"; sourceTree = "<group>"; };
		5087E77B17EB970100C73F5D /* Icon-76.png */ = {isa = PBXFileReference; lastKnownFileType = image.png; path = "Icon-76.png"; sourceTree = "<group>"; };
		5087E77C17EB970100C73F5D /* Info.plist */ = {isa = PBXFileReference; fileEncoding = 4; lastKnownFileType = text.plist.xml; path = Info.plist; sourceTree = "<group>"; };
		5087E78817EB974C00C73F5D /* AppKit.framework */ = {isa = PBXFileReference; lastKnownFileType = wrapper.framework; name = AppKit.framework; path = System/Library/Frameworks/AppKit.framework; sourceTree = SDKROOT; };
		5087E78A17EB975400C73F5D /* OpenGL.framework */ = {isa = PBXFileReference; lastKnownFileType = wrapper.framework; name = OpenGL.framework; path = System/Library/Frameworks/OpenGL.framework; sourceTree = SDKROOT; };
		50EF629217ECD46A001EB2F8 /* Icon-40.png */ = {isa = PBXFileReference; lastKnownFileType = image.png; path = "Icon-40.png"; sourceTree = "<group>"; };
		50EF629317ECD46A001EB2F8 /* Icon-58.png */ = {isa = PBXFileReference; lastKnownFileType = image.png; path = "Icon-58.png"; sourceTree = "<group>"; };
		50EF629417ECD46A001EB2F8 /* Icon-80.png */ = {isa = PBXFileReference; lastKnownFileType = image.png; path = "Icon-80.png"; sourceTree = "<group>"; };
		50EF629517ECD46A001EB2F8 /* Icon-100.png */ = {isa = PBXFileReference; lastKnownFileType = image.png; path = "Icon-100.png"; sourceTree = "<group>"; };
		50EF62A017ECD613001EB2F8 /* Icon-29.png */ = {isa = PBXFileReference; lastKnownFileType = image.png; path = "Icon-29.png"; sourceTree = "<group>"; };
		50EF62A117ECD613001EB2F8 /* Icon-50.png */ = {isa = PBXFileReference; lastKnownFileType = image.png; path = "Icon-50.png"; sourceTree = "<group>"; };
		521A8E6219F0C34300D177D7 /* Default-667h@2x.png */ = {isa = PBXFileReference; lastKnownFileType = image.png; path = "Default-667h@2x.png"; sourceTree = "<group>"; };
		521A8E6319F0C34300D177D7 /* Default-736h@3x.png */ = {isa = PBXFileReference; lastKnownFileType = image.png; path = "Default-736h@3x.png"; sourceTree = "<group>"; };
		521A8EA819F11F5000D177D7 /* fonts */ = {isa = PBXFileReference; lastKnownFileType = folder; path = fonts; sourceTree = "<group>"; };
		52B47A461A53D09B004E4C60 /* Security.framework */ = {isa = PBXFileReference; lastKnownFileType = wrapper.framework; name = Security.framework; path = Platforms/iPhoneOS.platform/Developer/SDKs/iPhoneOS8.1.sdk/System/Library/Frameworks/Security.framework; sourceTree = DEVELOPER_DIR; };
		7C21A0D31DC996F10035ECC6 /* AppMacros.hpp */ = {isa = PBXFileReference; fileEncoding = 4; lastKnownFileType = sourcecode.cpp.h; path = AppMacros.hpp; sourceTree = "<group>"; };
		7C21A0D71DC9A11E0035ECC6 /* StartingScene.cpp */ = {isa = PBXFileReference; fileEncoding = 4; lastKnownFileType = sourcecode.cpp.cpp; path = StartingScene.cpp; sourceTree = "<group>"; };
		7C21A0D81DC9A11E0035ECC6 /* StartingScene.hpp */ = {isa = PBXFileReference; fileEncoding = 4; lastKnownFileType = sourcecode.cpp.h; path = StartingScene.hpp; sourceTree = "<group>"; };
		7C21A0DB1DC9C06C0035ECC6 /* sliderProgress.png */ = {isa = PBXFileReference; lastKnownFileType = image.png; path = sliderProgress.png; sourceTree = "<group>"; };
		7C21A0DF1DC9E9A80035ECC6 /* SplashScene.cpp */ = {isa = PBXFileReference; fileEncoding = 4; lastKnownFileType = sourcecode.cpp.cpp; path = SplashScene.cpp; sourceTree = "<group>"; };
		7C21A0E01DC9E9A80035ECC6 /* SplashScene.hpp */ = {isa = PBXFileReference; fileEncoding = 4; lastKnownFileType = sourcecode.cpp.h; path = SplashScene.hpp; sourceTree = "<group>"; };
		7C21A0E21DC9ED930035ECC6 /* LevelSelectScene.cpp */ = {isa = PBXFileReference; fileEncoding = 4; lastKnownFileType = sourcecode.cpp.cpp; path = LevelSelectScene.cpp; sourceTree = "<group>"; };
		7C21A0E31DC9ED930035ECC6 /* LevelSelectScene.hpp */ = {isa = PBXFileReference; fileEncoding = 4; lastKnownFileType = sourcecode.cpp.h; path = LevelSelectScene.hpp; sourceTree = "<group>"; };
		7C21A0E61DCB2F450035ECC6 /* GameSettingsScene.cpp */ = {isa = PBXFileReference; fileEncoding = 4; lastKnownFileType = sourcecode.cpp.cpp; path = GameSettingsScene.cpp; sourceTree = "<group>"; };
		7C21A0E71DCB2F450035ECC6 /* GameSettingsScene.hpp */ = {isa = PBXFileReference; fileEncoding = 4; lastKnownFileType = sourcecode.cpp.h; path = GameSettingsScene.hpp; sourceTree = "<group>"; };
		7C21A0EA1DCB39050035ECC6 /* GameScene.cpp */ = {isa = PBXFileReference; fileEncoding = 4; lastKnownFileType = sourcecode.cpp.cpp; path = GameScene.cpp; sourceTree = "<group>"; };
		7C21A0EB1DCB39050035ECC6 /* GameScene.hpp */ = {isa = PBXFileReference; fileEncoding = 4; lastKnownFileType = sourcecode.cpp.h; path = GameScene.hpp; sourceTree = "<group>"; };
		7C21A0EE1DCB39FE0035ECC6 /* DiceGame.cpp */ = {isa = PBXFileReference; fileEncoding = 4; lastKnownFileType = sourcecode.cpp.cpp; path = DiceGame.cpp; sourceTree = "<group>"; };
		7C21A0EF1DCB39FE0035ECC6 /* DiceGame.hpp */ = {isa = PBXFileReference; fileEncoding = 4; lastKnownFileType = sourcecode.cpp.h; path = DiceGame.hpp; sourceTree = "<group>"; };
		7C21A0F11DCB3A3C0035ECC6 /* PopUpBaseDialog.cpp */ = {isa = PBXFileReference; fileEncoding = 4; lastKnownFileType = sourcecode.cpp.cpp; path = PopUpBaseDialog.cpp; sourceTree = "<group>"; };
		7C21A0F21DCB3A3C0035ECC6 /* PopUpBaseDialog.hpp */ = {isa = PBXFileReference; fileEncoding = 4; lastKnownFileType = sourcecode.cpp.h; path = PopUpBaseDialog.hpp; sourceTree = "<group>"; };
		7C21A0F31DCB3A3C0035ECC6 /* PopUpOkCancelDialog.cpp */ = {isa = PBXFileReference; fileEncoding = 4; lastKnownFileType = sourcecode.cpp.cpp; path = PopUpOkCancelDialog.cpp; sourceTree = "<group>"; };
		7C21A0F41DCB3A3C0035ECC6 /* PopUpOkCancelDialog.hpp */ = {isa = PBXFileReference; fileEncoding = 4; lastKnownFileType = sourcecode.cpp.h; path = PopUpOkCancelDialog.hpp; sourceTree = "<group>"; };
		7C21A0F51DCB3A3C0035ECC6 /* PopUpOkDialog.cpp */ = {isa = PBXFileReference; fileEncoding = 4; lastKnownFileType = sourcecode.cpp.cpp; path = PopUpOkDialog.cpp; sourceTree = "<group>"; };
		7C21A0F61DCB3A3C0035ECC6 /* PopUpOkDialog.hpp */ = {isa = PBXFileReference; fileEncoding = 4; lastKnownFileType = sourcecode.cpp.h; path = PopUpOkDialog.hpp; sourceTree = "<group>"; };
		7C21A0FB1DCB3B0F0035ECC6 /* MapBasicInfo.cpp */ = {isa = PBXFileReference; fileEncoding = 4; lastKnownFileType = sourcecode.cpp.cpp; path = MapBasicInfo.cpp; sourceTree = "<group>"; };
		7C21A0FC1DCB3B0F0035ECC6 /* MapBasicInfo.hpp */ = {isa = PBXFileReference; fileEncoding = 4; lastKnownFileType = sourcecode.cpp.h; path = MapBasicInfo.hpp; sourceTree = "<group>"; };
		7C21A0FD1DCB3B0F0035ECC6 /* RandomMap.cpp */ = {isa = PBXFileReference; fileEncoding = 4; lastKnownFileType = sourcecode.cpp.cpp; path = RandomMap.cpp; sourceTree = "<group>"; };
		7C21A0FE1DCB3B0F0035ECC6 /* RandomMap.hpp */ = {isa = PBXFileReference; fileEncoding = 4; lastKnownFileType = sourcecode.cpp.h; path = RandomMap.hpp; sourceTree = "<group>"; };
		7C21A0FF1DCB3B0F0035ECC6 /* ScreenCoordinate.cpp */ = {isa = PBXFileReference; fileEncoding = 4; lastKnownFileType = sourcecode.cpp.cpp; path = ScreenCoordinate.cpp; sourceTree = "<group>"; };
		7C21A1001DCB3B0F0035ECC6 /* ScreenCoordinate.hpp */ = {isa = PBXFileReference; fileEncoding = 4; lastKnownFileType = sourcecode.cpp.h; path = ScreenCoordinate.hpp; sourceTree = "<group>"; };
		7C21A1041DCB4F010035ECC6 /* AreaData.cpp */ = {isa = PBXFileReference; fileEncoding = 4; lastKnownFileType = sourcecode.cpp.cpp; path = AreaData.cpp; sourceTree = "<group>"; };
		7C21A1051DCB4F010035ECC6 /* AreaData.hpp */ = {isa = PBXFileReference; fileEncoding = 4; lastKnownFileType = sourcecode.cpp.h; path = AreaData.hpp; sourceTree = "<group>"; };
		7C21A1061DCB4F010035ECC6 /* GameAI.cpp */ = {isa = PBXFileReference; fileEncoding = 4; lastKnownFileType = sourcecode.cpp.cpp; path = GameAI.cpp; sourceTree = "<group>"; };
		7C21A1071DCB4F010035ECC6 /* GameAI.hpp */ = {isa = PBXFileReference; fileEncoding = 4; lastKnownFileType = sourcecode.cpp.h; path = GameAI.hpp; sourceTree = "<group>"; };
		7C21A1091DCB4F010035ECC6 /* GamePlayer.cpp */ = {isa = PBXFileReference; fileEncoding = 4; lastKnownFileType = sourcecode.cpp.cpp; path = GamePlayer.cpp; sourceTree = "<group>"; };
		7C21A10A1DCB4F010035ECC6 /* GamePlayer.hpp */ = {isa = PBXFileReference; fileEncoding = 4; lastKnownFileType = sourcecode.cpp.h; path = GamePlayer.hpp; sourceTree = "<group>"; };
		7C21A10B1DCB4F010035ECC6 /* JoinData.cpp */ = {isa = PBXFileReference; fileEncoding = 4; lastKnownFileType = sourcecode.cpp.cpp; path = JoinData.cpp; sourceTree = "<group>"; };
		7C21A10C1DCB4F010035ECC6 /* JoinData.hpp */ = {isa = PBXFileReference; fileEncoding = 4; lastKnownFileType = sourcecode.cpp.h; path = JoinData.hpp; sourceTree = "<group>"; };
		7C4BA1C71DDE9E8F004F9770 /* search_oppent.png */ = {isa = PBXFileReference; lastKnownFileType = image.png; path = search_oppent.png; sourceTree = "<group>"; };
		7C4BA1CA1DDEA0D2004F9770 /* search_oppent_sel.png */ = {isa = PBXFileReference; lastKnownFileType = image.png; path = search_oppent_sel.png; sourceTree = "<group>"; };
		7C4BA1CC1DDEEEF9004F9770 /* ModalDialog.cpp */ = {isa = PBXFileReference; fileEncoding = 4; lastKnownFileType = sourcecode.cpp.cpp; path = ModalDialog.cpp; sourceTree = "<group>"; };
		7C4BA1CD1DDEEEF9004F9770 /* ModalDialog.hpp */ = {isa = PBXFileReference; fileEncoding = 4; lastKnownFileType = sourcecode.cpp.h; path = ModalDialog.hpp; sourceTree = "<group>"; };
		7C4BA1CF1DDEF682004F9770 /* waiting_ring.png */ = {isa = PBXFileReference; lastKnownFileType = image.png; path = waiting_ring.png; sourceTree = "<group>"; };
		7C4BA1D21DDF0A90004F9770 /* UserSessionBean.cpp */ = {isa = PBXFileReference; fileEncoding = 4; lastKnownFileType = sourcecode.cpp.cpp; path = UserSessionBean.cpp; sourceTree = "<group>"; };
		7C4BA1D31DDF0A90004F9770 /* UserSessionBean.hpp */ = {isa = PBXFileReference; fileEncoding = 4; lastKnownFileType = sourcecode.cpp.h; path = UserSessionBean.hpp; sourceTree = "<group>"; };
		7C4DA6A31DE2E973001CC255 /* BattleFieldBean.cpp */ = {isa = PBXFileReference; fileEncoding = 4; lastKnownFileType = sourcecode.cpp.cpp; path = BattleFieldBean.cpp; sourceTree = "<group>"; };
		7C4DA6A41DE2E973001CC255 /* BattleFieldBean.hpp */ = {isa = PBXFileReference; fileEncoding = 4; lastKnownFileType = sourcecode.cpp.h; path = BattleFieldBean.hpp; sourceTree = "<group>"; };
		7C4DA6A71DE43C1B001CC255 /* green_edit.png */ = {isa = PBXFileReference; lastKnownFileType = image.png; path = green_edit.png; sourceTree = "<group>"; };
		7C4DA6A91DE44548001CC255 /* battle_field.png */ = {isa = PBXFileReference; lastKnownFileType = image.png; path = battle_field.png; sourceTree = "<group>"; };
		7C4DA6AD1DE69258001CC255 /* picojson.h */ = {isa = PBXFileReference; fileEncoding = 4; lastKnownFileType = sourcecode.c.h; path = picojson.h; sourceTree = "<group>"; };
		7C4DA6AE1DE6A7EB001CC255 /* deault_avatar.png */ = {isa = PBXFileReference; lastKnownFileType = image.png; path = deault_avatar.png; sourceTree = "<group>"; };
		7C4DA6B01DE82466001CC255 /* SpriteEx.cpp */ = {isa = PBXFileReference; fileEncoding = 4; lastKnownFileType = sourcecode.cpp.cpp; path = SpriteEx.cpp; sourceTree = "<group>"; };
		7C4DA6B11DE82466001CC255 /* SpriteEx.hpp */ = {isa = PBXFileReference; fileEncoding = 4; lastKnownFileType = sourcecode.cpp.h; path = SpriteEx.hpp; sourceTree = "<group>"; };
		7C67A7B31DD1BE6B004B5151 /* WebSocktUtil.cpp */ = {isa = PBXFileReference; fileEncoding = 4; lastKnownFileType = sourcecode.cpp.cpp; path = WebSocktUtil.cpp; sourceTree = "<group>"; };
		7C67A7B41DD1BE6B004B5151 /* WebSocktUtil.hpp */ = {isa = PBXFileReference; fileEncoding = 4; lastKnownFileType = sourcecode.cpp.h; path = WebSocktUtil.hpp; sourceTree = "<group>"; };
		7C6E7FFB1DD94F5300C5E374 /* ReplayLastScene.cpp */ = {isa = PBXFileReference; fileEncoding = 4; lastKnownFileType = sourcecode.cpp.cpp; path = ReplayLastScene.cpp; sourceTree = "<group>"; };
		7C6E7FFC1DD94F5300C5E374 /* ReplayLastScene.hpp */ = {isa = PBXFileReference; fileEncoding = 4; lastKnownFileType = sourcecode.cpp.h; path = ReplayLastScene.hpp; sourceTree = "<group>"; };
		7C6E7FFF1DD9575A00C5E374 /* history.png */ = {isa = PBXFileReference; lastKnownFileType = image.png; path = history.png; sourceTree = "<group>"; };
		7C6E80011DD9687D00C5E374 /* history_data_sel.png */ = {isa = PBXFileReference; lastKnownFileType = image.png; path = history_data_sel.png; sourceTree = "<group>"; };
		7C6E80021DD9687D00C5E374 /* history_data.png */ = {isa = PBXFileReference; lastKnownFileType = image.png; path = history_data.png; sourceTree = "<group>"; };
		7C6E80031DD9687D00C5E374 /* history_sel.png */ = {isa = PBXFileReference; lastKnownFileType = image.png; path = history_sel.png; sourceTree = "<group>"; };
		7C733B181DC990E200098EDD /* iphone5 */ = {isa = PBXFileReference; lastKnownFileType = folder; path = iphone5; sourceTree = "<group>"; };
		7C733B191DC990E200098EDD /* iphone6 */ = {isa = PBXFileReference; lastKnownFileType = folder; path = iphone6; sourceTree = "<group>"; };
		7C733B1A1DC990E200098EDD /* iphone6p */ = {isa = PBXFileReference; lastKnownFileType = folder; path = iphone6p; sourceTree = "<group>"; };
		7C82E41E1DD572A70019C8CF /* FindPlayerScene.cpp */ = {isa = PBXFileReference; fileEncoding = 4; lastKnownFileType = sourcecode.cpp.cpp; path = FindPlayerScene.cpp; sourceTree = "<group>"; };
		7C82E41F1DD572A70019C8CF /* FindPlayerScene.hpp */ = {isa = PBXFileReference; fileEncoding = 4; lastKnownFileType = sourcecode.cpp.h; path = FindPlayerScene.hpp; sourceTree = "<group>"; };
		7C82E4241DD5768A0019C8CF /* BattleFieldScene.cpp */ = {isa = PBXFileReference; fileEncoding = 4; lastKnownFileType = sourcecode.cpp.cpp; path = BattleFieldScene.cpp; sourceTree = "<group>"; };
		7C82E4251DD5768A0019C8CF /* BattleFieldScene.hpp */ = {isa = PBXFileReference; fileEncoding = 4; lastKnownFileType = sourcecode.cpp.h; path = BattleFieldScene.hpp; sourceTree = "<group>"; };
		7C82E4271DD57EDD0019C8CF /* online_battle.png */ = {isa = PBXFileReference; lastKnownFileType = image.png; path = online_battle.png; sourceTree = "<group>"; };
		7C82E4291DD581610019C8CF /* online_battle_sel.png */ = {isa = PBXFileReference; lastKnownFileType = image.png; path = online_battle_sel.png; sourceTree = "<group>"; };
		7C99A1431DE2033E005A489B /* OnlineGameData.cpp */ = {isa = PBXFileReference; fileEncoding = 4; lastKnownFileType = sourcecode.cpp.cpp; path = OnlineGameData.cpp; sourceTree = "<group>"; };
		7C99A1441DE2033E005A489B /* OnlineGameData.hpp */ = {isa = PBXFileReference; fileEncoding = 4; lastKnownFileType = sourcecode.cpp.h; path = OnlineGameData.hpp; sourceTree = "<group>"; };
		7C99A1461DE20350005A489B /* OnlineGameEngine.cpp */ = {isa = PBXFileReference; fileEncoding = 4; lastKnownFileType = sourcecode.cpp.cpp; path = OnlineGameEngine.cpp; sourceTree = "<group>"; };
		7C99A1471DE20350005A489B /* OnlineGameEngine.hpp */ = {isa = PBXFileReference; fileEncoding = 4; lastKnownFileType = sourcecode.cpp.h; path = OnlineGameEngine.hpp; sourceTree = "<group>"; };
		7CCB51D81DD5AAC000810354 /* JsonUtil.cpp */ = {isa = PBXFileReference; fileEncoding = 4; lastKnownFileType = sourcecode.cpp.cpp; path = JsonUtil.cpp; sourceTree = "<group>"; };
		7CCB51D91DD5AAC000810354 /* JsonUtil.hpp */ = {isa = PBXFileReference; fileEncoding = 4; lastKnownFileType = sourcecode.cpp.h; path = JsonUtil.hpp; sourceTree = "<group>"; };
		8262943D1AAF051F00CB7CF7 /* Security.framework */ = {isa = PBXFileReference; lastKnownFileType = wrapper.framework; name = Security.framework; path = System/Library/Frameworks/Security.framework; sourceTree = SDKROOT; };
		BB34FAA91DD35B7A0070B4E4 /* sounds */ = {isa = PBXFileReference; lastKnownFileType = folder; path = sounds; sourceTree = "<group>"; };
		BB51F1071DCF66D50031296E /* share_sel.png */ = {isa = PBXFileReference; lastKnownFileType = image.png; path = share_sel.png; sourceTree = "<group>"; };
		BB51F1081DCF66D50031296E /* share.png */ = {isa = PBXFileReference; lastKnownFileType = image.png; path = share.png; sourceTree = "<group>"; };
		BB62DFD11DCD9E7A0037DE0A /* anim */ = {isa = PBXFileReference; lastKnownFileType = folder; path = anim; sourceTree = "<group>"; };
		BB62DFD21DCD9E7A0037DE0A /* particles */ = {isa = PBXFileReference; lastKnownFileType = folder; path = particles; sourceTree = "<group>"; };
		BB9A4E221DCB7C6400E88C41 /* GameData.cpp */ = {isa = PBXFileReference; fileEncoding = 4; lastKnownFileType = sourcecode.cpp.cpp; path = GameData.cpp; sourceTree = "<group>"; };
		BB9A4E231DCB7C6400E88C41 /* GameData.hpp */ = {isa = PBXFileReference; fileEncoding = 4; lastKnownFileType = sourcecode.cpp.h; path = GameData.hpp; sourceTree = "<group>"; };
		BB9A4E251DCB84A200E88C41 /* MapCreator.cpp */ = {isa = PBXFileReference; fileEncoding = 4; lastKnownFileType = sourcecode.cpp.cpp; path = MapCreator.cpp; sourceTree = "<group>"; };
		BB9A4E261DCB84A200E88C41 /* MapCreator.hpp */ = {isa = PBXFileReference; fileEncoding = 4; lastKnownFileType = sourcecode.cpp.h; path = MapCreator.hpp; sourceTree = "<group>"; };
		BBBA8DD31DCCE3C6006A6471 /* NextButton.png */ = {isa = PBXFileReference; lastKnownFileType = image.png; path = NextButton.png; sourceTree = "<group>"; };
		BBBA8DD41DCCE3C6006A6471 /* start.png */ = {isa = PBXFileReference; lastKnownFileType = image.png; path = start.png; sourceTree = "<group>"; };
		BBC12E4D1DCDFBA70035A571 /* StoreKit.framework */ = {isa = PBXFileReference; lastKnownFileType = wrapper.framework; name = StoreKit.framework; path = Platforms/iPhoneOS.platform/Developer/SDKs/iPhoneOS10.1.sdk/System/Library/Frameworks/StoreKit.framework; sourceTree = DEVELOPER_DIR; };
		BBC12E4F1DCDFC470035A571 /* sdkbox_config.json */ = {isa = PBXFileReference; fileEncoding = 4; lastKnownFileType = text.json; path = sdkbox_config.json; sourceTree = "<group>"; };
		BBC12E541DCE26310035A571 /* PluginIAP.framework */ = {isa = PBXFileReference; lastKnownFileType = wrapper.framework; path = PluginIAP.framework; sourceTree = "<group>"; };
		BBC12E551DCE26310035A571 /* sdkbox.framework */ = {isa = PBXFileReference; lastKnownFileType = wrapper.framework; path = sdkbox.framework; sourceTree = "<group>"; };
		BBC12E581DCE26830035A571 /* AdSupport.framework */ = {isa = PBXFileReference; lastKnownFileType = wrapper.framework; name = AdSupport.framework; path = Platforms/iPhoneOS.platform/Developer/SDKs/iPhoneOS10.1.sdk/System/Library/Frameworks/AdSupport.framework; sourceTree = DEVELOPER_DIR; };
		BBC12E5A1DCE269C0035A571 /* SystemConfiguration.framework */ = {isa = PBXFileReference; lastKnownFileType = wrapper.framework; name = SystemConfiguration.framework; path = Platforms/iPhoneOS.platform/Developer/SDKs/iPhoneOS10.1.sdk/System/Library/Frameworks/SystemConfiguration.framework; sourceTree = DEVELOPER_DIR; };
		BBC12E5C1DCE2F830035A571 /* GamePayUtil.cpp */ = {isa = PBXFileReference; fileEncoding = 4; lastKnownFileType = sourcecode.cpp.cpp; path = GamePayUtil.cpp; sourceTree = "<group>"; };
		BBC12E5D1DCE2F830035A571 /* GamePayUtil.hpp */ = {isa = PBXFileReference; fileEncoding = 4; lastKnownFileType = sourcecode.cpp.h; path = GamePayUtil.hpp; sourceTree = "<group>"; };
		BBC812DC1DCA3CB000EC8874 /* GameHelpScene.cpp */ = {isa = PBXFileReference; fileEncoding = 4; lastKnownFileType = sourcecode.cpp.cpp; path = GameHelpScene.cpp; sourceTree = "<group>"; };
		BBC812DD1DCA3CB000EC8874 /* GameHelpScene.hpp */ = {isa = PBXFileReference; fileEncoding = 4; lastKnownFileType = sourcecode.cpp.h; path = GameHelpScene.hpp; sourceTree = "<group>"; };
		BBE0F8EB1DCEE25F00FB9EDD /* PluginFacebook.framework */ = {isa = PBXFileReference; lastKnownFileType = wrapper.framework; path = PluginFacebook.framework; sourceTree = "<group>"; };
		BBE0F8EE1DCEEC1C00FB9EDD /* FBSDKCoreKit.framework */ = {isa = PBXFileReference; lastKnownFileType = wrapper.framework; path = FBSDKCoreKit.framework; sourceTree = "<group>"; };
		BBE0F8EF1DCEEC1C00FB9EDD /* FBSDKLoginKit.framework */ = {isa = PBXFileReference; lastKnownFileType = wrapper.framework; path = FBSDKLoginKit.framework; sourceTree = "<group>"; };
		BBE0F8F01DCEEC1C00FB9EDD /* FBSDKShareKit.framework */ = {isa = PBXFileReference; lastKnownFileType = wrapper.framework; path = FBSDKShareKit.framework; sourceTree = "<group>"; };
		BF170DB012928DE900B8313A /* OpenGLES.framework */ = {isa = PBXFileReference; lastKnownFileType = wrapper.framework; name = OpenGLES.framework; path = System/Library/Frameworks/OpenGLES.framework; sourceTree = SDKROOT; };
		BF170DB412928DE900B8313A /* libz.dylib */ = {isa = PBXFileReference; lastKnownFileType = "compiled.mach-o.dylib"; name = libz.dylib; path = usr/lib/libz.dylib; sourceTree = SDKROOT; };
		BF1C47EA1293683800B63C5D /* QuartzCore.framework */ = {isa = PBXFileReference; lastKnownFileType = wrapper.framework; name = QuartzCore.framework; path = System/Library/Frameworks/QuartzCore.framework; sourceTree = SDKROOT; };
		D44C620B132DFF330009C878 /* OpenAL.framework */ = {isa = PBXFileReference; lastKnownFileType = wrapper.framework; name = OpenAL.framework; path = System/Library/Frameworks/OpenAL.framework; sourceTree = SDKROOT; };
		D44C620D132DFF430009C878 /* AVFoundation.framework */ = {isa = PBXFileReference; lastKnownFileType = wrapper.framework; name = AVFoundation.framework; path = System/Library/Frameworks/AVFoundation.framework; sourceTree = SDKROOT; };
		D44C620F132DFF4E0009C878 /* AudioToolbox.framework */ = {isa = PBXFileReference; lastKnownFileType = wrapper.framework; name = AudioToolbox.framework; path = System/Library/Frameworks/AudioToolbox.framework; sourceTree = SDKROOT; };
		D6B0611A1803AB670077942B /* CoreMotion.framework */ = {isa = PBXFileReference; lastKnownFileType = wrapper.framework; name = CoreMotion.framework; path = Platforms/iPhoneOS.platform/Developer/SDKs/iPhoneOS7.0.sdk/System/Library/Frameworks/CoreMotion.framework; sourceTree = DEVELOPER_DIR; };
		ED545A7B1B68A1F400C3958E /* libiconv.dylib */ = {isa = PBXFileReference; lastKnownFileType = "compiled.mach-o.dylib"; name = libiconv.dylib; path = Platforms/iPhoneOS.platform/Developer/SDKs/iPhoneOS8.4.sdk/usr/lib/libiconv.dylib; sourceTree = DEVELOPER_DIR; };
		ED545A7D1B68A1FA00C3958E /* libiconv.dylib */ = {isa = PBXFileReference; lastKnownFileType = "compiled.mach-o.dylib"; name = libiconv.dylib; path = usr/lib/libiconv.dylib; sourceTree = SDKROOT; };
/* End PBXFileReference section */

/* Begin PBXFrameworksBuildPhase section */
		1D60588F0D05DD3D006BFB54 /* Frameworks */ = {
			isa = PBXFrameworksBuildPhase;
			buildActionMask = 2147483647;
			files = (
				BBC12E5B1DCE269C0035A571 /* SystemConfiguration.framework in Frameworks */,
				BBC12E591DCE26830035A571 /* AdSupport.framework in Frameworks */,
				294D0D641D0D56D500F7F5D4 /* CoreText.framework in Frameworks */,
				ED545A7C1B68A1F400C3958E /* libiconv.dylib in Frameworks */,
				BBE0F8F11DCEEC1C00FB9EDD /* FBSDKCoreKit.framework in Frameworks */,
				52B47A471A53D09C004E4C60 /* Security.framework in Frameworks */,
				1AC6FB30180E99EB004C840B /* libcocos2d iOS.a in Frameworks */,
				BBE0F8F31DCEEC1C00FB9EDD /* FBSDKShareKit.framework in Frameworks */,
				D6B0611B1803AB670077942B /* CoreMotion.framework in Frameworks */,
				BBE0F8F21DCEEC1C00FB9EDD /* FBSDKLoginKit.framework in Frameworks */,
				1D60589F0D05DD5A006BFB54 /* Foundation.framework in Frameworks */,
				1DF5F4E00D08C38300B7A737 /* UIKit.framework in Frameworks */,
				BBE0F8EC1DCEE25F00FB9EDD /* PluginFacebook.framework in Frameworks */,
				288765A50DF7441C002DB57D /* CoreGraphics.framework in Frameworks */,
				BF171245129291EC00B8313A /* OpenGLES.framework in Frameworks */,
				BF1712471292920000B8313A /* libz.dylib in Frameworks */,
				BBC12E571DCE26310035A571 /* sdkbox.framework in Frameworks */,
				BF1C47F01293687400B63C5D /* QuartzCore.framework in Frameworks */,
				D44C620C132DFF330009C878 /* OpenAL.framework in Frameworks */,
				BBC12E561DCE26310035A571 /* PluginIAP.framework in Frameworks */,
				BBC12E4E1DCDFBA70035A571 /* StoreKit.framework in Frameworks */,
				D44C620E132DFF430009C878 /* AVFoundation.framework in Frameworks */,
				D44C6210132DFF4E0009C878 /* AudioToolbox.framework in Frameworks */,
			);
			runOnlyForDeploymentPostprocessing = 0;
		};
		5087E75C17EB910900C73F5D /* Frameworks */ = {
			isa = PBXFrameworksBuildPhase;
			buildActionMask = 2147483647;
			files = (
				ED545A7E1B68A1FA00C3958E /* libiconv.dylib in Frameworks */,
				1AC6FB21180E996B004C840B /* libcocos2d Mac.a in Frameworks */,
				5087E76717EB910900C73F5D /* libz.dylib in Frameworks */,
				8262943E1AAF051F00CB7CF7 /* Security.framework in Frameworks */,
				503AE11B17EB9C5A00D1A890 /* IOKit.framework in Frameworks */,
				5087E78B17EB975400C73F5D /* OpenGL.framework in Frameworks */,
				5087E78917EB974C00C73F5D /* AppKit.framework in Frameworks */,
				5087E76317EB910900C73F5D /* Foundation.framework in Frameworks */,
				5087E76817EB910900C73F5D /* QuartzCore.framework in Frameworks */,
				5087E76917EB910900C73F5D /* OpenAL.framework in Frameworks */,
				5087E76A17EB910900C73F5D /* AVFoundation.framework in Frameworks */,
				5087E76B17EB910900C73F5D /* AudioToolbox.framework in Frameworks */,
			);
			runOnlyForDeploymentPostprocessing = 0;
		};
/* End PBXFrameworksBuildPhase section */

/* Begin PBXGroup section */
		080E96DDFE201D6D7F000001 /* ios */ = {
			isa = PBXGroup;
			children = (
				5087E77117EB970100C73F5D /* Icons */,
				503AE0FA17EB989F00D1A890 /* AppController.h */,
				503AE0FB17EB989F00D1A890 /* AppController.mm */,
				503AE0FC17EB989F00D1A890 /* main.m */,
				503AE0FD17EB989F00D1A890 /* Prefix.pch */,
				503AE0FE17EB989F00D1A890 /* RootViewController.h */,
				503AE0FF17EB989F00D1A890 /* RootViewController.mm */,
			);
			name = ios;
			path = Classes;
			sourceTree = "<group>";
		};
		19C28FACFE9D520D11CA2CBB /* Products */ = {
			isa = PBXGroup;
			children = (
				1D6058910D05DD3D006BFB54 /* Conqueror.app */,
				5087E76F17EB910900C73F5D /* Conqueror-desktop.app */,
			);
			name = Products;
			sourceTree = "<group>";
		};
		1AC6FAE6180E9839004C840B /* Products */ = {
			isa = PBXGroup;
			children = (
				1AC6FAF9180E9839004C840B /* libcocos2d Mac.a */,
				1AC6FB07180E9839004C840B /* libcocos2d iOS.a */,
				7C733B121DC9896A00098EDD /* libcocos2d tvOS.a */,
			);
			name = Products;
			sourceTree = "<group>";
		};
		29B97314FDCFA39411CA2CEA /* CustomTemplate */ = {
			isa = PBXGroup;
			children = (
				46880B8319C43A87006E1F66 /* Classes */,
				46880B7519C43A67006E1F66 /* Resources */,
				1AC6FAE5180E9839004C840B /* cocos2d_libs.xcodeproj */,
				29B97323FDCFA39411CA2CEA /* Frameworks */,
				080E96DDFE201D6D7F000001 /* ios */,
				503AE10617EB990700D1A890 /* mac */,
				19C28FACFE9D520D11CA2CBB /* Products */,
			);
			name = CustomTemplate;
			sourceTree = "<group>";
		};
		29B97323FDCFA39411CA2CEA /* Frameworks */ = {
			isa = PBXGroup;
			children = (
				BBE0F8EE1DCEEC1C00FB9EDD /* FBSDKCoreKit.framework */,
				BBE0F8EF1DCEEC1C00FB9EDD /* FBSDKLoginKit.framework */,
				BBE0F8F01DCEEC1C00FB9EDD /* FBSDKShareKit.framework */,
				BBE0F8EB1DCEE25F00FB9EDD /* PluginFacebook.framework */,
				BBC12E5A1DCE269C0035A571 /* SystemConfiguration.framework */,
				BBC12E581DCE26830035A571 /* AdSupport.framework */,
				BBC12E541DCE26310035A571 /* PluginIAP.framework */,
				BBC12E551DCE26310035A571 /* sdkbox.framework */,
				BBC12E4D1DCDFBA70035A571 /* StoreKit.framework */,
				294D0D631D0D56D500F7F5D4 /* CoreText.framework */,
				ED545A7D1B68A1FA00C3958E /* libiconv.dylib */,
				ED545A7B1B68A1F400C3958E /* libiconv.dylib */,
				8262943D1AAF051F00CB7CF7 /* Security.framework */,
				52B47A461A53D09B004E4C60 /* Security.framework */,
				D6B0611A1803AB670077942B /* CoreMotion.framework */,
				503AE11A17EB9C5A00D1A890 /* IOKit.framework */,
				503AE11117EB99EE00D1A890 /* libcurl.dylib */,
				5087E78A17EB975400C73F5D /* OpenGL.framework */,
				5087E78817EB974C00C73F5D /* AppKit.framework */,
				1ACB3243164770DE00914215 /* libcurl.a */,
				BF170DB412928DE900B8313A /* libz.dylib */,
				D44C620F132DFF4E0009C878 /* AudioToolbox.framework */,
				D44C620D132DFF430009C878 /* AVFoundation.framework */,
				288765A40DF7441C002DB57D /* CoreGraphics.framework */,
				1D30AB110D05D00D00671497 /* Foundation.framework */,
				D44C620B132DFF330009C878 /* OpenAL.framework */,
				BF170DB012928DE900B8313A /* OpenGLES.framework */,
				BF1C47EA1293683800B63C5D /* QuartzCore.framework */,
				1DF5F4DF0D08C38300B7A737 /* UIKit.framework */,
			);
			name = Frameworks;
			sourceTree = "<group>";
		};
		46880B7519C43A67006E1F66 /* Resources */ = {
			isa = PBXGroup;
			children = (
				7C4DA6AE1DE6A7EB001CC255 /* deault_avatar.png */,
				7C4DA6A91DE44548001CC255 /* battle_field.png */,
				7C4DA6A71DE43C1B001CC255 /* green_edit.png */,
				7C4BA1CF1DDEF682004F9770 /* waiting_ring.png */,
				7C6E80011DD9687D00C5E374 /* history_data_sel.png */,
				7C6E80021DD9687D00C5E374 /* history_data.png */,
				7C6E80031DD9687D00C5E374 /* history_sel.png */,
				7C6E7FFF1DD9575A00C5E374 /* history.png */,
				7C82E4291DD581610019C8CF /* online_battle_sel.png */,
				7C82E4271DD57EDD0019C8CF /* online_battle.png */,
				BB34FAA91DD35B7A0070B4E4 /* sounds */,
				BBC12E4F1DCDFC470035A571 /* sdkbox_config.json */,
				BB62DFD11DCD9E7A0037DE0A /* anim */,
				BB62DFD21DCD9E7A0037DE0A /* particles */,
				BBBA8DD31DCCE3C6006A6471 /* NextButton.png */,
				BBBA8DD41DCCE3C6006A6471 /* start.png */,
				7C21A0DB1DC9C06C0035ECC6 /* sliderProgress.png */,
				7C733B181DC990E200098EDD /* iphone5 */,
				7C733B191DC990E200098EDD /* iphone6 */,
				7C733B1A1DC990E200098EDD /* iphone6p */,
				521A8EA819F11F5000D177D7 /* fonts */,
				3EACC98E19EE6D4300EB3C5E /* res */,
				46880B7619C43A67006E1F66 /* CloseNormal.png */,
				BB51F1071DCF66D50031296E /* share_sel.png */,
				7C4BA1C71DDE9E8F004F9770 /* search_oppent.png */,
				7C4BA1CA1DDEA0D2004F9770 /* search_oppent_sel.png */,
				BB51F1081DCF66D50031296E /* share.png */,
				46880B7719C43A67006E1F66 /* CloseSelected.png */,
				46880B7A19C43A67006E1F66 /* HelloWorld.png */,
			);
			name = Resources;
			path = ../Resources;
			sourceTree = "<group>";
		};
		46880B8319C43A87006E1F66 /* Classes */ = {
			isa = PBXGroup;
			children = (
				7C21A0FA1DCB3B0F0035ECC6 /* RandomMap */,
				7C82E41D1DD55D3B0019C8CF /* Network */,
				7C21A0ED1DCB39560035ECC6 /* GameLogic */,
				BBC812DB1DCA3C9200EC8874 /* Common */,
				7C21A0D61DC9A11E0035ECC6 /* Scenes */,
				7C21A0D31DC996F10035ECC6 /* AppMacros.hpp */,
				7C4DA6AD1DE69258001CC255 /* picojson.h */,
				46880B8419C43A87006E1F66 /* AppDelegate.cpp */,
				46880B8519C43A87006E1F66 /* AppDelegate.hpp */,
			);
			name = Classes;
			path = ../Classes;
			sourceTree = "<group>";
		};
		503AE0F517EB97AB00D1A890 /* Icons */ = {
			isa = PBXGroup;
			children = (
				503AE0F617EB97AB00D1A890 /* Icon.icns */,
				503AE0F717EB97AB00D1A890 /* Info.plist */,
			);
			name = Icons;
			path = mac;
			sourceTree = SOURCE_ROOT;
		};
		503AE10617EB990700D1A890 /* mac */ = {
			isa = PBXGroup;
			children = (
				503AE0F517EB97AB00D1A890 /* Icons */,
				503AE10317EB98FF00D1A890 /* main.cpp */,
				503AE10417EB98FF00D1A890 /* Prefix.pch */,
			);
			name = mac;
			sourceTree = "<group>";
		};
		5087E77117EB970100C73F5D /* Icons */ = {
			isa = PBXGroup;
			children = (
				521A8E6219F0C34300D177D7 /* Default-667h@2x.png */,
				521A8E6319F0C34300D177D7 /* Default-736h@3x.png */,
				5087E77217EB970100C73F5D /* Default-568h@2x.png */,
				5087E77317EB970100C73F5D /* Default.png */,
				5087E77417EB970100C73F5D /* Default@2x.png */,
				50EF62A017ECD613001EB2F8 /* Icon-29.png */,
				50EF62A117ECD613001EB2F8 /* Icon-50.png */,
				50EF629217ECD46A001EB2F8 /* Icon-40.png */,
				50EF629317ECD46A001EB2F8 /* Icon-58.png */,
				50EF629417ECD46A001EB2F8 /* Icon-80.png */,
				50EF629517ECD46A001EB2F8 /* Icon-100.png */,
				5087E77517EB970100C73F5D /* Icon-114.png */,
				5087E77617EB970100C73F5D /* Icon-120.png */,
				5087E77717EB970100C73F5D /* Icon-144.png */,
				5087E77817EB970100C73F5D /* Icon-152.png */,
				5087E77917EB970100C73F5D /* Icon-57.png */,
				5087E77A17EB970100C73F5D /* Icon-72.png */,
				5087E77B17EB970100C73F5D /* Icon-76.png */,
				5087E77C17EB970100C73F5D /* Info.plist */,
			);
			name = Icons;
			path = ios;
			sourceTree = SOURCE_ROOT;
		};
		7C21A0D61DC9A11E0035ECC6 /* Scenes */ = {
			isa = PBXGroup;
			children = (
				7C21A0E01DC9E9A80035ECC6 /* SplashScene.hpp */,
				7C21A0DF1DC9E9A80035ECC6 /* SplashScene.cpp */,
				7C21A0D81DC9A11E0035ECC6 /* StartingScene.hpp */,
				7C21A0D71DC9A11E0035ECC6 /* StartingScene.cpp */,
				7C21A0E31DC9ED930035ECC6 /* LevelSelectScene.hpp */,
				7C21A0E21DC9ED930035ECC6 /* LevelSelectScene.cpp */,
				7C21A0EB1DCB39050035ECC6 /* GameScene.hpp */,
				7C21A0EA1DCB39050035ECC6 /* GameScene.cpp */,
				7C6E7FFC1DD94F5300C5E374 /* ReplayLastScene.hpp */,
				7C6E7FFB1DD94F5300C5E374 /* ReplayLastScene.cpp */,
			);
			path = Scenes;
			sourceTree = "<group>";
		};
		7C21A0ED1DCB39560035ECC6 /* GameLogic */ = {
			isa = PBXGroup;
			children = (
				BB9A4E231DCB7C6400E88C41 /* GameData.hpp */,
				BB9A4E221DCB7C6400E88C41 /* GameData.cpp */,
				7C21A0EF1DCB39FE0035ECC6 /* DiceGame.hpp */,
				7C21A0EE1DCB39FE0035ECC6 /* DiceGame.cpp */,
				7C21A1041DCB4F010035ECC6 /* AreaData.cpp */,
				7C21A1051DCB4F010035ECC6 /* AreaData.hpp */,
				7C21A1061DCB4F010035ECC6 /* GameAI.cpp */,
				7C21A1071DCB4F010035ECC6 /* GameAI.hpp */,
				7C21A1091DCB4F010035ECC6 /* GamePlayer.cpp */,
				7C21A10A1DCB4F010035ECC6 /* GamePlayer.hpp */,
				7C21A10B1DCB4F010035ECC6 /* JoinData.cpp */,
				7C21A10C1DCB4F010035ECC6 /* JoinData.hpp */,
			);
			path = GameLogic;
			sourceTree = "<group>";
		};
		7C21A0FA1DCB3B0F0035ECC6 /* RandomMap */ = {
			isa = PBXGroup;
			children = (
				7C21A0FC1DCB3B0F0035ECC6 /* MapBasicInfo.hpp */,
				7C21A0FB1DCB3B0F0035ECC6 /* MapBasicInfo.cpp */,
				7C21A0FE1DCB3B0F0035ECC6 /* RandomMap.hpp */,
				7C21A0FD1DCB3B0F0035ECC6 /* RandomMap.cpp */,
				7C21A1001DCB3B0F0035ECC6 /* ScreenCoordinate.hpp */,
				7C21A0FF1DCB3B0F0035ECC6 /* ScreenCoordinate.cpp */,
				BB9A4E261DCB84A200E88C41 /* MapCreator.hpp */,
				BB9A4E251DCB84A200E88C41 /* MapCreator.cpp */,
			);
			path = RandomMap;
			sourceTree = "<group>";
		};
		7C82E41D1DD55D3B0019C8CF /* Network */ = {
			isa = PBXGroup;
			children = (
				7C82E41F1DD572A70019C8CF /* FindPlayerScene.hpp */,
				7C82E41E1DD572A70019C8CF /* FindPlayerScene.cpp */,
				7C82E4251DD5768A0019C8CF /* BattleFieldScene.hpp */,
				7C82E4241DD5768A0019C8CF /* BattleFieldScene.cpp */,
				7C4BA1D31DDF0A90004F9770 /* UserSessionBean.hpp */,
				7C4BA1D21DDF0A90004F9770 /* UserSessionBean.cpp */,
				7C99A1431DE2033E005A489B /* OnlineGameData.cpp */,
				7C99A1441DE2033E005A489B /* OnlineGameData.hpp */,
				7C99A1461DE20350005A489B /* OnlineGameEngine.cpp */,
				7C99A1471DE20350005A489B /* OnlineGameEngine.hpp */,
				7C4DA6A31DE2E973001CC255 /* BattleFieldBean.cpp */,
				7C4DA6A41DE2E973001CC255 /* BattleFieldBean.hpp */,
			);
			path = Network;
			sourceTree = "<group>";
		};
		BBC812DB1DCA3C9200EC8874 /* Common */ = {
			isa = PBXGroup;
			children = (
				7C4BA1CD1DDEEEF9004F9770 /* ModalDialog.hpp */,
				7C4BA1CC1DDEEEF9004F9770 /* ModalDialog.cpp */,
				7C21A0F21DCB3A3C0035ECC6 /* PopUpBaseDialog.hpp */,
				7C21A0F11DCB3A3C0035ECC6 /* PopUpBaseDialog.cpp */,
				7C21A0F61DCB3A3C0035ECC6 /* PopUpOkDialog.hpp */,
				7C21A0F51DCB3A3C0035ECC6 /* PopUpOkDialog.cpp */,
				7C21A0F41DCB3A3C0035ECC6 /* PopUpOkCancelDialog.hpp */,
				7C21A0F31DCB3A3C0035ECC6 /* PopUpOkCancelDialog.cpp */,
				BBC812DD1DCA3CB000EC8874 /* GameHelpScene.hpp */,
				BBC812DC1DCA3CB000EC8874 /* GameHelpScene.cpp */,
				7C21A0E71DCB2F450035ECC6 /* GameSettingsScene.hpp */,
				7C21A0E61DCB2F450035ECC6 /* GameSettingsScene.cpp */,
				BBC12E5D1DCE2F830035A571 /* GamePayUtil.hpp */,
				BBC12E5C1DCE2F830035A571 /* GamePayUtil.cpp */,
				7C67A7B41DD1BE6B004B5151 /* WebSocktUtil.hpp */,
				7C67A7B31DD1BE6B004B5151 /* WebSocktUtil.cpp */,
				7CCB51D91DD5AAC000810354 /* JsonUtil.hpp */,
				7CCB51D81DD5AAC000810354 /* JsonUtil.cpp */,
				7C4DA6B01DE82466001CC255 /* SpriteEx.cpp */,
				7C4DA6B11DE82466001CC255 /* SpriteEx.hpp */,
			);
			path = Common;
			sourceTree = "<group>";
		};
/* End PBXGroup section */

/* Begin PBXNativeTarget section */
		1D6058900D05DD3D006BFB54 /* Conqueror */ = {
			isa = PBXNativeTarget;
			buildConfigurationList = 1D6058960D05DD3E006BFB54 /* Build configuration list for PBXNativeTarget "Conqueror" */;
			buildPhases = (
				1D60588D0D05DD3D006BFB54 /* Resources */,
				1D60588E0D05DD3D006BFB54 /* Sources */,
				1D60588F0D05DD3D006BFB54 /* Frameworks */,
			);
			buildRules = (
			);
			dependencies = (
				1AC6FB25180E99E1004C840B /* PBXTargetDependency */,
			);
			name = Conqueror;
			productName = iphone;
			productReference = 1D6058910D05DD3D006BFB54 /* Conqueror.app */;
			productType = "com.apple.product-type.application";
		};
		5087E73D17EB910900C73F5D /* Conqueror-desktop */ = {
			isa = PBXNativeTarget;
			buildConfigurationList = 5087E76C17EB910900C73F5D /* Build configuration list for PBXNativeTarget "Conqueror-desktop" */;
			buildPhases = (
				5087E74817EB910900C73F5D /* Resources */,
				5087E75617EB910900C73F5D /* Sources */,
				5087E75C17EB910900C73F5D /* Frameworks */,
			);
			buildRules = (
			);
			dependencies = (
				1AC6FB16180E9959004C840B /* PBXTargetDependency */,
			);
			name = "Conqueror-desktop";
			productName = iphone;
			productReference = 5087E76F17EB910900C73F5D /* Conqueror-desktop.app */;
			productType = "com.apple.product-type.application";
		};
/* End PBXNativeTarget section */

/* Begin PBXProject section */
		29B97313FDCFA39411CA2CEA /* Project object */ = {
			isa = PBXProject;
			attributes = {
				LastUpgradeCheck = 0810;
				TargetAttributes = {
					1D6058900D05DD3D006BFB54 = {
						DevelopmentTeam = 2XYK8RBB6M;
						ProvisioningStyle = Manual;
						SystemCapabilities = {
							com.apple.InAppPurchase = {
								enabled = 1;
							};
						};
					};
				};
			};
			buildConfigurationList = C01FCF4E08A954540054247B /* Build configuration list for PBXProject "Conqueror" */;
			compatibilityVersion = "Xcode 3.2";
			developmentRegion = English;
			hasScannedForEncodings = 1;
			knownRegions = (
				English,
				Japanese,
				French,
				German,
			);
			mainGroup = 29B97314FDCFA39411CA2CEA /* CustomTemplate */;
			projectDirPath = "";
			projectReferences = (
				{
					ProductGroup = 1AC6FAE6180E9839004C840B /* Products */;
					ProjectRef = 1AC6FAE5180E9839004C840B /* cocos2d_libs.xcodeproj */;
				},
			);
			projectRoot = "";
			targets = (
				1D6058900D05DD3D006BFB54 /* Conqueror */,
				5087E73D17EB910900C73F5D /* Conqueror-desktop */,
			);
		};
/* End PBXProject section */

/* Begin PBXReferenceProxy section */
		1AC6FAF9180E9839004C840B /* libcocos2d Mac.a */ = {
			isa = PBXReferenceProxy;
			fileType = archive.ar;
			path = "libcocos2d Mac.a";
			remoteRef = 1AC6FAF8180E9839004C840B /* PBXContainerItemProxy */;
			sourceTree = BUILT_PRODUCTS_DIR;
		};
		1AC6FB07180E9839004C840B /* libcocos2d iOS.a */ = {
			isa = PBXReferenceProxy;
			fileType = archive.ar;
			path = "libcocos2d iOS.a";
			remoteRef = 1AC6FB06180E9839004C840B /* PBXContainerItemProxy */;
			sourceTree = BUILT_PRODUCTS_DIR;
		};
		7C733B121DC9896A00098EDD /* libcocos2d tvOS.a */ = {
			isa = PBXReferenceProxy;
			fileType = archive.ar;
			path = "libcocos2d tvOS.a";
			remoteRef = 7C733B111DC9896A00098EDD /* PBXContainerItemProxy */;
			sourceTree = BUILT_PRODUCTS_DIR;
		};
/* End PBXReferenceProxy section */

/* Begin PBXResourcesBuildPhase section */
		1D60588D0D05DD3D006BFB54 /* Resources */ = {
			isa = PBXResourcesBuildPhase;
			buildActionMask = 2147483647;
			files = (
				5087E78117EB970100C73F5D /* Icon-120.png in Resources */,
				5087E78617EB970100C73F5D /* Icon-76.png in Resources */,
				5087E77F17EB970100C73F5D /* Default@2x.png in Resources */,
				50EF629917ECD46A001EB2F8 /* Icon-100.png in Resources */,
				5087E78317EB970100C73F5D /* Icon-152.png in Resources */,
				7C6E80001DD9575A00C5E374 /* history.png in Resources */,
				46880B8119C43A67006E1F66 /* HelloWorld.png in Resources */,
				46880B7D19C43A67006E1F66 /* CloseSelected.png in Resources */,
				7C4BA1C81DDE9E8F004F9770 /* search_oppent.png in Resources */,
				BB51F1091DCF66D50031296E /* share_sel.png in Resources */,
				5087E77D17EB970100C73F5D /* Default-568h@2x.png in Resources */,
				7C733B1C1DC990E200098EDD /* iphone5 in Resources */,
				7C733B1D1DC990E200098EDD /* iphone6 in Resources */,
				5087E78517EB970100C73F5D /* Icon-72.png in Resources */,
				521A8E6519F0C34300D177D7 /* Default-736h@3x.png in Resources */,
				BBC12E501DCDFC470035A571 /* sdkbox_config.json in Resources */,
				521A8EA919F11F5000D177D7 /* fonts in Resources */,
				7C4DA6AF1DE6A7EB001CC255 /* deault_avatar.png in Resources */,
				50EF62A317ECD613001EB2F8 /* Icon-50.png in Resources */,
				7C21A0DC1DC9C06C0035ECC6 /* sliderProgress.png in Resources */,
				BB62DFD31DCD9E7A0037DE0A /* anim in Resources */,
				5087E78017EB970100C73F5D /* Icon-114.png in Resources */,
				7C733B1E1DC990E200098EDD /* iphone6p in Resources */,
				50EF62A217ECD613001EB2F8 /* Icon-29.png in Resources */,
				50EF629617ECD46A001EB2F8 /* Icon-40.png in Resources */,
				5087E78217EB970100C73F5D /* Icon-144.png in Resources */,
				7C4BA1D01DDEF682004F9770 /* waiting_ring.png in Resources */,
				7C6E80051DD9687D00C5E374 /* history_data.png in Resources */,
				BB51F10A1DCF66D50031296E /* share.png in Resources */,
				7C4DA6AA1DE44548001CC255 /* battle_field.png in Resources */,
				BB34FAAA1DD35B7A0070B4E4 /* sounds in Resources */,
				3EACC98F19EE6D4300EB3C5E /* res in Resources */,
				7C82E4281DD57EDD0019C8CF /* online_battle.png in Resources */,
				50EF629817ECD46A001EB2F8 /* Icon-80.png in Resources */,
				BB62DFD41DCD9E7A0037DE0A /* particles in Resources */,
				5087E78417EB970100C73F5D /* Icon-57.png in Resources */,
				BBBA8DD91DCCE3C6006A6471 /* start.png in Resources */,
				7C6E80041DD9687D00C5E374 /* history_data_sel.png in Resources */,
				5087E77E17EB970100C73F5D /* Default.png in Resources */,
				BBBA8DD81DCCE3C6006A6471 /* NextButton.png in Resources */,
				7C6E80061DD9687D00C5E374 /* history_sel.png in Resources */,
				7C82E42A1DD581610019C8CF /* online_battle_sel.png in Resources */,
				521A8E6419F0C34300D177D7 /* Default-667h@2x.png in Resources */,
				46880B7B19C43A67006E1F66 /* CloseNormal.png in Resources */,
				7C4BA1CB1DDEA0D2004F9770 /* search_oppent_sel.png in Resources */,
				50EF629717ECD46A001EB2F8 /* Icon-58.png in Resources */,
				7C4DA6A81DE43C1B001CC255 /* green_edit.png in Resources */,
			);
			runOnlyForDeploymentPostprocessing = 0;
		};
		5087E74817EB910900C73F5D /* Resources */ = {
			isa = PBXResourcesBuildPhase;
			buildActionMask = 2147483647;
			files = (
				46880B8219C43A67006E1F66 /* HelloWorld.png in Resources */,
				503AE0F817EB97AB00D1A890 /* Icon.icns in Resources */,
				3EACC99019EE6D4300EB3C5E /* res in Resources */,
				521A8EAA19F11F5000D177D7 /* fonts in Resources */,
				46880B7C19C43A67006E1F66 /* CloseNormal.png in Resources */,
				46880B7E19C43A67006E1F66 /* CloseSelected.png in Resources */,
			);
			runOnlyForDeploymentPostprocessing = 0;
		};
/* End PBXResourcesBuildPhase section */

/* Begin PBXSourcesBuildPhase section */
		1D60588E0D05DD3D006BFB54 /* Sources */ = {
			isa = PBXSourcesBuildPhase;
			buildActionMask = 2147483647;
			files = (
				7C99A1481DE20350005A489B /* OnlineGameEngine.cpp in Sources */,
				7C4DA6B21DE82466001CC255 /* SpriteEx.cpp in Sources */,
				BBD6967F1DCC55CE00B9B145 /* GameAI.cpp in Sources */,
				BB9A4E271DCB84A200E88C41 /* MapCreator.cpp in Sources */,
				7C21A0F81DCB3A3C0035ECC6 /* PopUpOkCancelDialog.cpp in Sources */,
				7C21A0F01DCB39FE0035ECC6 /* DiceGame.cpp in Sources */,
				46880B8819C43A87006E1F66 /* AppDelegate.cpp in Sources */,
				7C4BA1CE1DDEEEF9004F9770 /* ModalDialog.cpp in Sources */,
				7C21A1011DCB3B0F0035ECC6 /* MapBasicInfo.cpp in Sources */,
				7C21A0E81DCB2F450035ECC6 /* GameSettingsScene.cpp in Sources */,
				7C82E4261DD5768A0019C8CF /* BattleFieldScene.cpp in Sources */,
				7C21A0E41DC9ED930035ECC6 /* LevelSelectScene.cpp in Sources */,
				7C6E7FFD1DD94F5300C5E374 /* ReplayLastScene.cpp in Sources */,
				7C4BA1D41DDF0A90004F9770 /* UserSessionBean.cpp in Sources */,
				7C21A0E11DC9E9A80035ECC6 /* SplashScene.cpp in Sources */,
				BBC812DE1DCA3CB000EC8874 /* GameHelpScene.cpp in Sources */,
				7C21A1101DCB4F010035ECC6 /* JoinData.cpp in Sources */,
				7C21A0D91DC9A11E0035ECC6 /* StartingScene.cpp in Sources */,
				7C21A0F71DCB3A3C0035ECC6 /* PopUpBaseDialog.cpp in Sources */,
				7C21A10F1DCB4F010035ECC6 /* GamePlayer.cpp in Sources */,
				7C21A10D1DCB4F010035ECC6 /* AreaData.cpp in Sources */,
				7C67A7B51DD1BE6B004B5151 /* WebSocktUtil.cpp in Sources */,
				7CCB51DA1DD5AAC000810354 /* JsonUtil.cpp in Sources */,
				7C82E4201DD572A70019C8CF /* FindPlayerScene.cpp in Sources */,
				503AE10017EB989F00D1A890 /* AppController.mm in Sources */,
				7C4DA6A51DE2E973001CC255 /* BattleFieldBean.cpp in Sources */,
				BBC12E5E1DCE2F830035A571 /* GamePayUtil.cpp in Sources */,
				7C21A0F91DCB3A3C0035ECC6 /* PopUpOkDialog.cpp in Sources */,
				7C21A0EC1DCB39050035ECC6 /* GameScene.cpp in Sources */,
				7C21A1031DCB3B0F0035ECC6 /* ScreenCoordinate.cpp in Sources */,
				7C21A1021DCB3B0F0035ECC6 /* RandomMap.cpp in Sources */,
				7C99A1451DE2033E005A489B /* OnlineGameData.cpp in Sources */,
				BB9A4E241DCB7C6400E88C41 /* GameData.cpp in Sources */,
				503AE10217EB989F00D1A890 /* RootViewController.mm in Sources */,
				503AE10117EB989F00D1A890 /* main.m in Sources */,
			);
			runOnlyForDeploymentPostprocessing = 0;
		};
		5087E75617EB910900C73F5D /* Sources */ = {
			isa = PBXSourcesBuildPhase;
			buildActionMask = 2147483647;
			files = (
				46880B8919C43A87006E1F66 /* AppDelegate.cpp in Sources */,
				503AE10517EB98FF00D1A890 /* main.cpp in Sources */,
			);
			runOnlyForDeploymentPostprocessing = 0;
		};
/* End PBXSourcesBuildPhase section */

/* Begin PBXTargetDependency section */
		1AC6FB16180E9959004C840B /* PBXTargetDependency */ = {
			isa = PBXTargetDependency;
			name = "cocos2dx Mac";
			targetProxy = 1AC6FB15180E9959004C840B /* PBXContainerItemProxy */;
		};
		1AC6FB25180E99E1004C840B /* PBXTargetDependency */ = {
			isa = PBXTargetDependency;
			name = "cocos2dx iOS";
			targetProxy = 1AC6FB24180E99E1004C840B /* PBXContainerItemProxy */;
		};
/* End PBXTargetDependency section */

/* Begin XCBuildConfiguration section */
		1D6058940D05DD3E006BFB54 /* Debug */ = {
			isa = XCBuildConfiguration;
			buildSettings = {
				ALWAYS_SEARCH_USER_PATHS = YES;
				CODE_SIGN_IDENTITY = "iPhone Developer: Li Wansheng (7983JC3HCR)";
				"CODE_SIGN_IDENTITY[sdk=iphoneos*]" = "iPhone Developer: Li Wansheng (7983JC3HCR)";
				COMPRESS_PNG_FILES = NO;
				DEVELOPMENT_TEAM = 2XYK8RBB6M;
				ENABLE_BITCODE = NO;
				FRAMEWORK_SEARCH_PATHS = (
					"$(inherited)",
					"$(PROJECT_DIR)",
				);
				GCC_DYNAMIC_NO_PIC = NO;
				GCC_INLINES_ARE_PRIVATE_EXTERN = NO;
				GCC_PRECOMPILE_PREFIX_HEADER = YES;
				GCC_PREFIX_HEADER = ios/Prefix.pch;
				GCC_PREPROCESSOR_DEFINITIONS = (
					USE_FILE32API,
					"COCOS2D_DEBUG=1",
					"CC_ENABLE_CHIPMUNK_INTEGRATION=1",
				);
				GCC_SYMBOLS_PRIVATE_EXTERN = NO;
				HEADER_SEARCH_PATHS = (
					"$(inherited)",
					"$(PROJECT_DIR)",
				);
				INFOPLIST_FILE = ios/Info.plist;
				IPHONEOS_DEPLOYMENT_TARGET = 8.0;
				LIBRARY_SEARCH_PATHS = "";
				OTHER_LDFLAGS = (
					"$(_COCOS_LIB_IOS_BEGIN)",
					"$(_COCOS_LIB_IOS_END)",
				);
				PRODUCT_BUNDLE_IDENTIFIER = com.bellflower.Conqueror;
				PROVISIONING_PROFILE = "a3174618-4f66-412e-9bea-c4abdc790e9c";
				PROVISIONING_PROFILE_SPECIFIER = Conqueror_debug;
				SDKROOT = iphoneos;
				STRIP_PNG_TEXT = NO;
				TARGETED_DEVICE_FAMILY = 1;
				USER_HEADER_SEARCH_PATHS = "$(_COCOS_HEADER_IOS_BEGIN) $(_COCOS_HEADER_IOS_END) $(SRCROOT)/../cocos2d/cocos/editor-support";
				VALID_ARCHS = "arm64 armv7";
			};
			name = Debug;
		};
		1D6058950D05DD3E006BFB54 /* Release */ = {
			isa = XCBuildConfiguration;
			buildSettings = {
				ALWAYS_SEARCH_USER_PATHS = YES;
				CODE_SIGN_IDENTITY = "iPhone Developer: Li Wansheng (7983JC3HCR)";
				"CODE_SIGN_IDENTITY[sdk=iphoneos*]" = "iPhone Distribution: Li Wansheng (2XYK8RBB6M)";
				COMPRESS_PNG_FILES = NO;
				DEVELOPMENT_TEAM = 2XYK8RBB6M;
				ENABLE_BITCODE = NO;
				FRAMEWORK_SEARCH_PATHS = (
					"$(inherited)",
					"$(PROJECT_DIR)",
				);
				GCC_INLINES_ARE_PRIVATE_EXTERN = NO;
				GCC_PRECOMPILE_PREFIX_HEADER = YES;
				GCC_PREFIX_HEADER = ios/Prefix.pch;
				GCC_PREPROCESSOR_DEFINITIONS = (
					USE_FILE32API,
					"CC_ENABLE_CHIPMUNK_INTEGRATION=1",
				);
				GCC_SYMBOLS_PRIVATE_EXTERN = NO;
				HEADER_SEARCH_PATHS = (
					"$(inherited)",
					"$(PROJECT_DIR)",
				);
				INFOPLIST_FILE = ios/Info.plist;
				IPHONEOS_DEPLOYMENT_TARGET = 8.0;
				LIBRARY_SEARCH_PATHS = "";
				OTHER_LDFLAGS = (
					"$(_COCOS_LIB_IOS_BEGIN)",
					"$(_COCOS_LIB_IOS_END)",
				);
				PRODUCT_BUNDLE_IDENTIFIER = com.bellflower.Conqueror;
				PROVISIONING_PROFILE = "2cea4210-8779-476f-92ca-d9a76e0eea0e";
				PROVISIONING_PROFILE_SPECIFIER = Conqueror_release;
				SDKROOT = iphoneos;
				STRIP_PNG_TEXT = NO;
				TARGETED_DEVICE_FAMILY = 1;
				USER_HEADER_SEARCH_PATHS = "$(_COCOS_HEADER_IOS_BEGIN) $(_COCOS_HEADER_IOS_END) $(SRCROOT)/../cocos2d/cocos/editor-support";
				VALID_ARCHS = "arm64 armv7";
			};
			name = Release;
		};
		5087E76D17EB910900C73F5D /* Debug */ = {
			isa = XCBuildConfiguration;
			buildSettings = {
				ALWAYS_SEARCH_USER_PATHS = YES;
				CLANG_CXX_LANGUAGE_STANDARD = "c++0x";
				CLANG_CXX_LIBRARY = "libc++";
				GCC_DYNAMIC_NO_PIC = NO;
				GCC_INLINES_ARE_PRIVATE_EXTERN = NO;
				GCC_PRECOMPILE_PREFIX_HEADER = YES;
				GCC_PREFIX_HEADER = mac/Prefix.pch;
				GCC_PREPROCESSOR_DEFINITIONS = (
					USE_FILE32API,
					"COCOS2D_DEBUG=1",
					"CC_ENABLE_CHIPMUNK_INTEGRATION=1",
				);
				GCC_SYMBOLS_PRIVATE_EXTERN = NO;
				HEADER_SEARCH_PATHS = (
					"$(inherited)",
					"$(SRCROOT)/../cocos2d/external/glfw3/include/mac",
				);
				INFOPLIST_FILE = mac/Info.plist;
				LIBRARY_SEARCH_PATHS = "";
				OTHER_LDFLAGS = (
					"$(_COCOS_LIB_MAC_BEGIN)",
					"$(_COCOS_LIB_MAC_END)",
				);
				PRODUCT_BUNDLE_IDENTIFIER = com.bellflower.Conqueror;
				USER_HEADER_SEARCH_PATHS = "$(_COCOS_HEADER_MAC_BEGIN) $(_COCOS_HEADER_MAC_END)";
			};
			name = Debug;
		};
		5087E76E17EB910900C73F5D /* Release */ = {
			isa = XCBuildConfiguration;
			buildSettings = {
				ALWAYS_SEARCH_USER_PATHS = YES;
				CLANG_CXX_LANGUAGE_STANDARD = "c++0x";
				CLANG_CXX_LIBRARY = "libc++";
				GCC_INLINES_ARE_PRIVATE_EXTERN = NO;
				GCC_PRECOMPILE_PREFIX_HEADER = YES;
				GCC_PREFIX_HEADER = mac/Prefix.pch;
				GCC_PREPROCESSOR_DEFINITIONS = (
					USE_FILE32API,
					"CC_ENABLE_CHIPMUNK_INTEGRATION=1",
				);
				GCC_SYMBOLS_PRIVATE_EXTERN = NO;
				HEADER_SEARCH_PATHS = (
					"$(inherited)",
					"$(SRCROOT)/../cocos2d/external/glfw3/include/mac",
				);
				INFOPLIST_FILE = mac/Info.plist;
				LIBRARY_SEARCH_PATHS = "";
				OTHER_LDFLAGS = (
					"$(_COCOS_LIB_MAC_BEGIN)",
					"$(_COCOS_LIB_MAC_END)",
				);
				PRODUCT_BUNDLE_IDENTIFIER = com.bellflower.Conqueror;
				USER_HEADER_SEARCH_PATHS = "$(_COCOS_HEADER_MAC_BEGIN) $(_COCOS_HEADER_MAC_END)";
			};
			name = Release;
		};
		C01FCF4F08A954540054247B /* Debug */ = {
			isa = XCBuildConfiguration;
			buildSettings = {
				CLANG_ANALYZER_LOCALIZABILITY_NONLOCALIZED = YES;
				CLANG_CXX_LANGUAGE_STANDARD = "c++0x";
				CLANG_CXX_LIBRARY = "libc++";
				CLANG_WARN_BOOL_CONVERSION = YES;
				CLANG_WARN_CONSTANT_CONVERSION = YES;
				CLANG_WARN_EMPTY_BODY = YES;
				CLANG_WARN_ENUM_CONVERSION = YES;
				CLANG_WARN_INFINITE_RECURSION = YES;
				CLANG_WARN_INT_CONVERSION = YES;
				CLANG_WARN_SUSPICIOUS_MOVE = YES;
				CLANG_WARN_UNREACHABLE_CODE = YES;
				CLANG_WARN__DUPLICATE_METHOD_MATCH = YES;
				COPY_PHASE_STRIP = NO;
				ENABLE_STRICT_OBJC_MSGSEND = YES;
				ENABLE_TESTABILITY = YES;
				GCC_NO_COMMON_BLOCKS = YES;
				GCC_OPTIMIZATION_LEVEL = 0;
				GCC_WARN_64_TO_32_BIT_CONVERSION = YES;
				GCC_WARN_ABOUT_RETURN_TYPE = YES;
				GCC_WARN_UNDECLARED_SELECTOR = YES;
				GCC_WARN_UNINITIALIZED_AUTOS = YES;
				GCC_WARN_UNUSED_FUNCTION = YES;
				GCC_WARN_UNUSED_VARIABLE = YES;
				HEADER_SEARCH_PATHS = (
					"$(SRCROOT)/../cocos2d",
					"$(SRCROOT)/../cocos2d/cocos/audio/include",
					"$(SRCROOT)/../cocos2d/cocos",
					"$(SRCROOT)/../cocos2d/extensions",
					"$(SRCROOT)/../cocos2d/external",
					"$(SRCROOT)/../cocos2d/external/chipmunk/include/chipmunk",
				);
				IPHONEOS_DEPLOYMENT_TARGET = 8.0;
				MACOSX_DEPLOYMENT_TARGET = 10.7;
				ONLY_ACTIVE_ARCH = YES;
				PRODUCT_NAME = "$(TARGET_NAME)";
				SDKROOT = macosx;
			};
			name = Debug;
		};
		C01FCF5008A954540054247B /* Release */ = {
			isa = XCBuildConfiguration;
			buildSettings = {
				CLANG_ANALYZER_LOCALIZABILITY_NONLOCALIZED = YES;
				CLANG_CXX_LANGUAGE_STANDARD = "c++0x";
				CLANG_CXX_LIBRARY = "libc++";
				CLANG_WARN_BOOL_CONVERSION = YES;
				CLANG_WARN_CONSTANT_CONVERSION = YES;
				CLANG_WARN_EMPTY_BODY = YES;
				CLANG_WARN_ENUM_CONVERSION = YES;
				CLANG_WARN_INFINITE_RECURSION = YES;
				CLANG_WARN_INT_CONVERSION = YES;
				CLANG_WARN_SUSPICIOUS_MOVE = YES;
				CLANG_WARN_UNREACHABLE_CODE = YES;
				CLANG_WARN__DUPLICATE_METHOD_MATCH = YES;
				ENABLE_STRICT_OBJC_MSGSEND = YES;
				GCC_NO_COMMON_BLOCKS = YES;
				GCC_WARN_64_TO_32_BIT_CONVERSION = YES;
				GCC_WARN_ABOUT_RETURN_TYPE = YES;
				GCC_WARN_UNDECLARED_SELECTOR = YES;
				GCC_WARN_UNINITIALIZED_AUTOS = YES;
				GCC_WARN_UNUSED_FUNCTION = YES;
				GCC_WARN_UNUSED_VARIABLE = YES;
				HEADER_SEARCH_PATHS = (
					"$(SRCROOT)/../cocos2d",
					"$(SRCROOT)/../cocos2d/cocos/audio/include",
					"$(SRCROOT)/../cocos2d/cocos",
					"$(SRCROOT)/../cocos2d/extensions",
					"$(SRCROOT)/../cocos2d/external",
					"$(SRCROOT)/../cocos2d/external/chipmunk/include/chipmunk",
				);
				IPHONEOS_DEPLOYMENT_TARGET = 8.0;
				MACOSX_DEPLOYMENT_TARGET = 10.7;
				OTHER_CFLAGS = "-DNS_BLOCK_ASSERTIONS=1";
				PRODUCT_NAME = "$(TARGET_NAME)";
				SDKROOT = macosx;
				VALIDATE_PRODUCT = YES;
			};
			name = Release;
		};
/* End XCBuildConfiguration section */

/* Begin XCConfigurationList section */
		1D6058960D05DD3E006BFB54 /* Build configuration list for PBXNativeTarget "Conqueror" */ = {
			isa = XCConfigurationList;
			buildConfigurations = (
				1D6058940D05DD3E006BFB54 /* Debug */,
				1D6058950D05DD3E006BFB54 /* Release */,
			);
			defaultConfigurationIsVisible = 0;
			defaultConfigurationName = Debug;
		};
		5087E76C17EB910900C73F5D /* Build configuration list for PBXNativeTarget "Conqueror-desktop" */ = {
			isa = XCConfigurationList;
			buildConfigurations = (
				5087E76D17EB910900C73F5D /* Debug */,
				5087E76E17EB910900C73F5D /* Release */,
			);
			defaultConfigurationIsVisible = 0;
			defaultConfigurationName = Debug;
		};
		C01FCF4E08A954540054247B /* Build configuration list for PBXProject "Conqueror" */ = {
			isa = XCConfigurationList;
			buildConfigurations = (
				C01FCF4F08A954540054247B /* Debug */,
				C01FCF5008A954540054247B /* Release */,
			);
			defaultConfigurationIsVisible = 0;
			defaultConfigurationName = Debug;
		};
/* End XCConfigurationList section */
	};
	rootObject = 29B97313FDCFA39411CA2CEA /* Project object */;
}
